// !$*UTF8*$!
{
	archiveVersion = 1;
	classes = {
	};
	objectVersion = 56;
	objects = {

/* Begin PBXBuildFile section */
		61214F572B9F50D000C7D0B6 /* SelectCategoryCollectionHeaderView.swift in Sources */ = {isa = PBXBuildFile; fileRef = 61214F562B9F50D000C7D0B6 /* SelectCategoryCollectionHeaderView.swift */; };
		61214F5A2B9F50F800C7D0B6 /* ReuseProtocol.swift in Sources */ = {isa = PBXBuildFile; fileRef = 61214F592B9F50F800C7D0B6 /* ReuseProtocol.swift */; };
		61214F5C2B9F514F00C7D0B6 /* ViewProtocol.swift in Sources */ = {isa = PBXBuildFile; fileRef = 61214F5B2B9F514F00C7D0B6 /* ViewProtocol.swift */; };
		61214F5E2B9F52EF00C7D0B6 /* UILabel+Extension.swift in Sources */ = {isa = PBXBuildFile; fileRef = 61214F5D2B9F52EF00C7D0B6 /* UILabel+Extension.swift */; };
		61214F602B9F597D00C7D0B6 /* SelectCategoryCollectionViewCell.swift in Sources */ = {isa = PBXBuildFile; fileRef = 61214F5F2B9F597D00C7D0B6 /* SelectCategoryCollectionViewCell.swift */; };
		6126D2F32B9F15CB001F2303 /* SelectCategoryViewModel.swift in Sources */ = {isa = PBXBuildFile; fileRef = 6126D2F22B9F15CB001F2303 /* SelectCategoryViewModel.swift */; };
		6142585C2B9E903800F35521 /* MapViewModel.swift in Sources */ = {isa = PBXBuildFile; fileRef = 6142585B2B9E903800F35521 /* MapViewModel.swift */; };
		6142585E2B9E916D00F35521 /* Observable.swift in Sources */ = {isa = PBXBuildFile; fileRef = 6142585D2B9E916D00F35521 /* Observable.swift */; };
		614258642B9E93FF00F35521 /* SelectCategoryViewController.swift in Sources */ = {isa = PBXBuildFile; fileRef = 614258632B9E93FF00F35521 /* SelectCategoryViewController.swift */; };
		614258662B9E940D00F35521 /* AddCategoryViewController.swift in Sources */ = {isa = PBXBuildFile; fileRef = 614258652B9E940D00F35521 /* AddCategoryViewController.swift */; };
		614258682B9E943500F35521 /* AddCategoryView.swift in Sources */ = {isa = PBXBuildFile; fileRef = 614258672B9E943500F35521 /* AddCategoryView.swift */; };
		6142586A2B9E96AB00F35521 /* SelectCategoryView.swift in Sources */ = {isa = PBXBuildFile; fileRef = 614258692B9E96AA00F35521 /* SelectCategoryView.swift */; };
		618CB02F2B99D073005BC379 /* AppDelegate.swift in Sources */ = {isa = PBXBuildFile; fileRef = 618CB02E2B99D073005BC379 /* AppDelegate.swift */; };
		618CB0312B99D073005BC379 /* SceneDelegate.swift in Sources */ = {isa = PBXBuildFile; fileRef = 618CB0302B99D073005BC379 /* SceneDelegate.swift */; };
		618CB0382B99D075005BC379 /* Assets.xcassets in Resources */ = {isa = PBXBuildFile; fileRef = 618CB0372B99D075005BC379 /* Assets.xcassets */; };
		618CB03B2B99D075005BC379 /* LaunchScreen.storyboard in Resources */ = {isa = PBXBuildFile; fileRef = 618CB0392B99D075005BC379 /* LaunchScreen.storyboard */; };
		618CB0432B99D084005BC379 /* .gitignore in Resources */ = {isa = PBXBuildFile; fileRef = 618CB0422B99D084005BC379 /* .gitignore */; };
		618CB0582B99D2D0005BC379 /* Pretendard-Black.otf in Resources */ = {isa = PBXBuildFile; fileRef = 618CB04F2B99D2CF005BC379 /* Pretendard-Black.otf */; };
		618CB0592B99D2D0005BC379 /* Pretendard-Light.otf in Resources */ = {isa = PBXBuildFile; fileRef = 618CB0502B99D2CF005BC379 /* Pretendard-Light.otf */; };
		618CB05A2B99D2D0005BC379 /* Pretendard-Medium.otf in Resources */ = {isa = PBXBuildFile; fileRef = 618CB0512B99D2CF005BC379 /* Pretendard-Medium.otf */; };
		618CB05B2B99D2D0005BC379 /* Pretendard-Bold.otf in Resources */ = {isa = PBXBuildFile; fileRef = 618CB0522B99D2CF005BC379 /* Pretendard-Bold.otf */; };
		618CB05C2B99D2D0005BC379 /* Pretendard-ExtraBold.otf in Resources */ = {isa = PBXBuildFile; fileRef = 618CB0532B99D2CF005BC379 /* Pretendard-ExtraBold.otf */; };
		618CB05D2B99D2D0005BC379 /* Pretendard-Regular.otf in Resources */ = {isa = PBXBuildFile; fileRef = 618CB0542B99D2CF005BC379 /* Pretendard-Regular.otf */; };
		618CB05E2B99D2D0005BC379 /* Pretendard-Thin.otf in Resources */ = {isa = PBXBuildFile; fileRef = 618CB0552B99D2D0005BC379 /* Pretendard-Thin.otf */; };
		618CB05F2B99D2D0005BC379 /* Pretendard-SemiBold.otf in Resources */ = {isa = PBXBuildFile; fileRef = 618CB0562B99D2D0005BC379 /* Pretendard-SemiBold.otf */; };
		618CB0602B99D2D0005BC379 /* Pretendard-ExtraLight.otf in Resources */ = {isa = PBXBuildFile; fileRef = 618CB0572B99D2D0005BC379 /* Pretendard-ExtraLight.otf */; };
		618CB0622B99D337005BC379 /* UIFont+Pretendard.swift in Sources */ = {isa = PBXBuildFile; fileRef = 618CB0612B99D337005BC379 /* UIFont+Pretendard.swift */; };
		618CB0642B99D397005BC379 /* TabBarController.swift in Sources */ = {isa = PBXBuildFile; fileRef = 618CB0632B99D397005BC379 /* TabBarController.swift */; };
		618CB0662B99D3B3005BC379 /* TabItem.swift in Sources */ = {isa = PBXBuildFile; fileRef = 618CB0652B99D3B3005BC379 /* TabItem.swift */; };
		618CB06B2B99D548005BC379 /* MapViewController.swift in Sources */ = {isa = PBXBuildFile; fileRef = 618CB06A2B99D548005BC379 /* MapViewController.swift */; };
		618CB06D2B99D551005BC379 /* RecordListViewController.swift in Sources */ = {isa = PBXBuildFile; fileRef = 618CB06C2B99D551005BC379 /* RecordListViewController.swift */; };
		618CB06F2B99D55D005BC379 /* HistoryViewController.swift in Sources */ = {isa = PBXBuildFile; fileRef = 618CB06E2B99D55D005BC379 /* HistoryViewController.swift */; };
		618CB0722B99D58A005BC379 /* Colors.xcassets in Resources */ = {isa = PBXBuildFile; fileRef = 618CB0712B99D58A005BC379 /* Colors.xcassets */; };
		618CB0742B99D5B2005BC379 /* ColorStyle.swift in Sources */ = {isa = PBXBuildFile; fileRef = 618CB0732B99D5B2005BC379 /* ColorStyle.swift */; };
		618CB0762B99D5B8005BC379 /* ImageStyle.swift in Sources */ = {isa = PBXBuildFile; fileRef = 618CB0752B99D5B8005BC379 /* ImageStyle.swift */; };
		618CB0782B99D62C005BC379 /* BaseView.swift in Sources */ = {isa = PBXBuildFile; fileRef = 618CB0772B99D62C005BC379 /* BaseView.swift */; };
		618CB07A2B99D632005BC379 /* BaseViewController.swift in Sources */ = {isa = PBXBuildFile; fileRef = 618CB0792B99D632005BC379 /* BaseViewController.swift */; };
		618CB07C2B99D64A005BC379 /* MapView.swift in Sources */ = {isa = PBXBuildFile; fileRef = 618CB07B2B99D64A005BC379 /* MapView.swift */; };
		618CB07E2B99D675005BC379 /* RecordListView.swift in Sources */ = {isa = PBXBuildFile; fileRef = 618CB07D2B99D675005BC379 /* RecordListView.swift */; };
		618CB0802B99D688005BC379 /* HistoryView.swift in Sources */ = {isa = PBXBuildFile; fileRef = 618CB07F2B99D688005BC379 /* HistoryView.swift */; };
		618CB0822B99D6FE005BC379 /* APIKey.swift in Sources */ = {isa = PBXBuildFile; fileRef = 618CB0812B99D6FE005BC379 /* APIKey.swift */; };
		61D8E55D2B9F723E0080D167 /* UITextField+Extension.swift in Sources */ = {isa = PBXBuildFile; fileRef = 61D8E55C2B9F723E0080D167 /* UITextField+Extension.swift */; };
		61D8E5602B9F72970080D167 /* CustomTextField.swift in Sources */ = {isa = PBXBuildFile; fileRef = 61D8E55F2B9F72970080D167 /* CustomTextField.swift */; };
		61D8E5622B9F73150080D167 /* MapmoButton.swift in Sources */ = {isa = PBXBuildFile; fileRef = 61D8E5612B9F73150080D167 /* MapmoButton.swift */; };
		61D8E5652B9F75820080D167 /* SelectCategoryColorCollectionViewCell.swift in Sources */ = {isa = PBXBuildFile; fileRef = 61D8E5642B9F75820080D167 /* SelectCategoryColorCollectionViewCell.swift */; };
		61D8E5682B9F79D50080D167 /* CategoryColor.swift in Sources */ = {isa = PBXBuildFile; fileRef = 61D8E5672B9F79D50080D167 /* CategoryColor.swift */; };
		61D8E56A2B9F7AAC0080D167 /* AddCategoryViewModel.swift in Sources */ = {isa = PBXBuildFile; fileRef = 61D8E5692B9F7AAC0080D167 /* AddCategoryViewModel.swift */; };
		61D8E56D2B9F7FFA0080D167 /* CreateRecordViewController.swift in Sources */ = {isa = PBXBuildFile; fileRef = 61D8E56C2B9F7FFA0080D167 /* CreateRecordViewController.swift */; };
		61D8E56F2B9F80400080D167 /* CreateRecordView.swift in Sources */ = {isa = PBXBuildFile; fileRef = 61D8E56E2B9F803F0080D167 /* CreateRecordView.swift */; };
		61D8E5712B9FD7840080D167 /* Category.swift in Sources */ = {isa = PBXBuildFile; fileRef = 61D8E5702B9FD7840080D167 /* Category.swift */; };
		61D8E5732B9FDB110080D167 /* ValidationCategoryNameError.swift in Sources */ = {isa = PBXBuildFile; fileRef = 61D8E5722B9FDB110080D167 /* ValidationCategoryNameError.swift */; };
		61D8E5822BA01CFA0080D167 /* CategoryRepository.swift in Sources */ = {isa = PBXBuildFile; fileRef = 61D8E5812BA01CFA0080D167 /* CategoryRepository.swift */; };
		61D8E5842BA02B660080D167 /* CreateRecordViewModel.swift in Sources */ = {isa = PBXBuildFile; fileRef = 61D8E5832BA02B660080D167 /* CreateRecordViewModel.swift */; };
		61D8E5862BA032FD0080D167 /* InputRecordSection.swift in Sources */ = {isa = PBXBuildFile; fileRef = 61D8E5852BA032FD0080D167 /* InputRecordSection.swift */; };
		61D8E5892BA033B30080D167 /* AddPhotoCollectionViewCell.swift in Sources */ = {isa = PBXBuildFile; fileRef = 61D8E5882BA033B30080D167 /* AddPhotoCollectionViewCell.swift */; };
		61D8E58B2BA04B8E0080D167 /* InputPlaceCollectionViewCell.swift in Sources */ = {isa = PBXBuildFile; fileRef = 61D8E58A2BA04B8E0080D167 /* InputPlaceCollectionViewCell.swift */; };
		61D8E58D2BA050A60080D167 /* InputVisitedDateCollectionViewCell.swift in Sources */ = {isa = PBXBuildFile; fileRef = 61D8E58C2BA050A60080D167 /* InputVisitedDateCollectionViewCell.swift */; };
		61D8E58F2BA051260080D167 /* InputMemoCollectionViewCell.swift in Sources */ = {isa = PBXBuildFile; fileRef = 61D8E58E2BA051260080D167 /* InputMemoCollectionViewCell.swift */; };
		61D8E5912BA066560080D167 /* UIStackView+Extension.swift in Sources */ = {isa = PBXBuildFile; fileRef = 61D8E5902BA066560080D167 /* UIStackView+Extension.swift */; };
		61D8E5932BA076550080D167 /* PhotoCollectionViewCell.swift in Sources */ = {isa = PBXBuildFile; fileRef = 61D8E5922BA076550080D167 /* PhotoCollectionViewCell.swift */; };
		61D8E5982BA1F37D0080D167 /* SearchPlaceViewController.swift in Sources */ = {isa = PBXBuildFile; fileRef = 61D8E5972BA1F37D0080D167 /* SearchPlaceViewController.swift */; };
		61D8E59A2BA1F3A10080D167 /* SearchPlaceView.swift in Sources */ = {isa = PBXBuildFile; fileRef = 61D8E5992BA1F3A10080D167 /* SearchPlaceView.swift */; };
		61D8E59E2BA211AB0080D167 /* PlaceCollectionViewCell.swift in Sources */ = {isa = PBXBuildFile; fileRef = 61D8E59D2BA211AB0080D167 /* PlaceCollectionViewCell.swift */; };
		61D8E5A02BA213080080D167 /* NaverMapAPI.swift in Sources */ = {isa = PBXBuildFile; fileRef = 61D8E59F2BA213080080D167 /* NaverMapAPI.swift */; };
		61D8E5A22BA213120080D167 /* NaverMapAPIManager.swift in Sources */ = {isa = PBXBuildFile; fileRef = 61D8E5A12BA213120080D167 /* NaverMapAPIManager.swift */; };
		61D8E5A42BA213210080D167 /* SearchPlaceViewModel.swift in Sources */ = {isa = PBXBuildFile; fileRef = 61D8E5A32BA213210080D167 /* SearchPlaceViewModel.swift */; };
		DA6A4A6CA64332726B03C6F8 /* Pods_Mapmo.framework in Frameworks */ = {isa = PBXBuildFile; fileRef = 980F4D8B3D07F8E679D1D81B /* Pods_Mapmo.framework */; };
/* End PBXBuildFile section */

/* Begin PBXFileReference section */
		266404A7697C85E9C64645C6 /* Pods-Mapmo.release.xcconfig */ = {isa = PBXFileReference; includeInIndex = 1; lastKnownFileType = text.xcconfig; name = "Pods-Mapmo.release.xcconfig"; path = "Target Support Files/Pods-Mapmo/Pods-Mapmo.release.xcconfig"; sourceTree = "<group>"; };
		61214F562B9F50D000C7D0B6 /* SelectCategoryCollectionHeaderView.swift */ = {isa = PBXFileReference; lastKnownFileType = sourcecode.swift; path = SelectCategoryCollectionHeaderView.swift; sourceTree = "<group>"; };
		61214F592B9F50F800C7D0B6 /* ReuseProtocol.swift */ = {isa = PBXFileReference; lastKnownFileType = sourcecode.swift; path = ReuseProtocol.swift; sourceTree = "<group>"; };
		61214F5B2B9F514F00C7D0B6 /* ViewProtocol.swift */ = {isa = PBXFileReference; lastKnownFileType = sourcecode.swift; path = ViewProtocol.swift; sourceTree = "<group>"; };
		61214F5D2B9F52EF00C7D0B6 /* UILabel+Extension.swift */ = {isa = PBXFileReference; lastKnownFileType = sourcecode.swift; path = "UILabel+Extension.swift"; sourceTree = "<group>"; };
		61214F5F2B9F597D00C7D0B6 /* SelectCategoryCollectionViewCell.swift */ = {isa = PBXFileReference; lastKnownFileType = sourcecode.swift; path = SelectCategoryCollectionViewCell.swift; sourceTree = "<group>"; };
		6126D2F22B9F15CB001F2303 /* SelectCategoryViewModel.swift */ = {isa = PBXFileReference; lastKnownFileType = sourcecode.swift; path = SelectCategoryViewModel.swift; sourceTree = "<group>"; };
		6142585B2B9E903800F35521 /* MapViewModel.swift */ = {isa = PBXFileReference; lastKnownFileType = sourcecode.swift; path = MapViewModel.swift; sourceTree = "<group>"; };
		6142585D2B9E916D00F35521 /* Observable.swift */ = {isa = PBXFileReference; lastKnownFileType = sourcecode.swift; path = Observable.swift; sourceTree = "<group>"; };
		614258632B9E93FF00F35521 /* SelectCategoryViewController.swift */ = {isa = PBXFileReference; lastKnownFileType = sourcecode.swift; path = SelectCategoryViewController.swift; sourceTree = "<group>"; };
		614258652B9E940D00F35521 /* AddCategoryViewController.swift */ = {isa = PBXFileReference; lastKnownFileType = sourcecode.swift; path = AddCategoryViewController.swift; sourceTree = "<group>"; };
		614258672B9E943500F35521 /* AddCategoryView.swift */ = {isa = PBXFileReference; lastKnownFileType = sourcecode.swift; path = AddCategoryView.swift; sourceTree = "<group>"; };
		614258692B9E96AA00F35521 /* SelectCategoryView.swift */ = {isa = PBXFileReference; lastKnownFileType = sourcecode.swift; path = SelectCategoryView.swift; sourceTree = "<group>"; };
		618CB02B2B99D073005BC379 /* Mapmo.app */ = {isa = PBXFileReference; explicitFileType = wrapper.application; includeInIndex = 0; path = Mapmo.app; sourceTree = BUILT_PRODUCTS_DIR; };
		618CB02E2B99D073005BC379 /* AppDelegate.swift */ = {isa = PBXFileReference; lastKnownFileType = sourcecode.swift; path = AppDelegate.swift; sourceTree = "<group>"; };
		618CB0302B99D073005BC379 /* SceneDelegate.swift */ = {isa = PBXFileReference; lastKnownFileType = sourcecode.swift; path = SceneDelegate.swift; sourceTree = "<group>"; };
		618CB0372B99D075005BC379 /* Assets.xcassets */ = {isa = PBXFileReference; lastKnownFileType = folder.assetcatalog; path = Assets.xcassets; sourceTree = "<group>"; };
		618CB03A2B99D075005BC379 /* Base */ = {isa = PBXFileReference; lastKnownFileType = file.storyboard; name = Base; path = Base.lproj/LaunchScreen.storyboard; sourceTree = "<group>"; };
		618CB03C2B99D075005BC379 /* Info.plist */ = {isa = PBXFileReference; lastKnownFileType = text.plist.xml; path = Info.plist; sourceTree = "<group>"; };
		618CB0422B99D084005BC379 /* .gitignore */ = {isa = PBXFileReference; lastKnownFileType = text; path = .gitignore; sourceTree = "<group>"; };
		618CB04F2B99D2CF005BC379 /* Pretendard-Black.otf */ = {isa = PBXFileReference; lastKnownFileType = file; path = "Pretendard-Black.otf"; sourceTree = "<group>"; };
		618CB0502B99D2CF005BC379 /* Pretendard-Light.otf */ = {isa = PBXFileReference; lastKnownFileType = file; path = "Pretendard-Light.otf"; sourceTree = "<group>"; };
		618CB0512B99D2CF005BC379 /* Pretendard-Medium.otf */ = {isa = PBXFileReference; lastKnownFileType = file; path = "Pretendard-Medium.otf"; sourceTree = "<group>"; };
		618CB0522B99D2CF005BC379 /* Pretendard-Bold.otf */ = {isa = PBXFileReference; lastKnownFileType = file; path = "Pretendard-Bold.otf"; sourceTree = "<group>"; };
		618CB0532B99D2CF005BC379 /* Pretendard-ExtraBold.otf */ = {isa = PBXFileReference; lastKnownFileType = file; path = "Pretendard-ExtraBold.otf"; sourceTree = "<group>"; };
		618CB0542B99D2CF005BC379 /* Pretendard-Regular.otf */ = {isa = PBXFileReference; lastKnownFileType = file; path = "Pretendard-Regular.otf"; sourceTree = "<group>"; };
		618CB0552B99D2D0005BC379 /* Pretendard-Thin.otf */ = {isa = PBXFileReference; lastKnownFileType = file; path = "Pretendard-Thin.otf"; sourceTree = "<group>"; };
		618CB0562B99D2D0005BC379 /* Pretendard-SemiBold.otf */ = {isa = PBXFileReference; lastKnownFileType = file; path = "Pretendard-SemiBold.otf"; sourceTree = "<group>"; };
		618CB0572B99D2D0005BC379 /* Pretendard-ExtraLight.otf */ = {isa = PBXFileReference; lastKnownFileType = file; path = "Pretendard-ExtraLight.otf"; sourceTree = "<group>"; };
		618CB0612B99D337005BC379 /* UIFont+Pretendard.swift */ = {isa = PBXFileReference; lastKnownFileType = sourcecode.swift; path = "UIFont+Pretendard.swift"; sourceTree = "<group>"; };
		618CB0632B99D397005BC379 /* TabBarController.swift */ = {isa = PBXFileReference; lastKnownFileType = sourcecode.swift; path = TabBarController.swift; sourceTree = "<group>"; };
		618CB0652B99D3B3005BC379 /* TabItem.swift */ = {isa = PBXFileReference; lastKnownFileType = sourcecode.swift; path = TabItem.swift; sourceTree = "<group>"; };
		618CB06A2B99D548005BC379 /* MapViewController.swift */ = {isa = PBXFileReference; lastKnownFileType = sourcecode.swift; path = MapViewController.swift; sourceTree = "<group>"; };
		618CB06C2B99D551005BC379 /* RecordListViewController.swift */ = {isa = PBXFileReference; lastKnownFileType = sourcecode.swift; path = RecordListViewController.swift; sourceTree = "<group>"; };
		618CB06E2B99D55D005BC379 /* HistoryViewController.swift */ = {isa = PBXFileReference; lastKnownFileType = sourcecode.swift; path = HistoryViewController.swift; sourceTree = "<group>"; };
		618CB0712B99D58A005BC379 /* Colors.xcassets */ = {isa = PBXFileReference; lastKnownFileType = folder.assetcatalog; path = Colors.xcassets; sourceTree = "<group>"; };
		618CB0732B99D5B2005BC379 /* ColorStyle.swift */ = {isa = PBXFileReference; lastKnownFileType = sourcecode.swift; path = ColorStyle.swift; sourceTree = "<group>"; };
		618CB0752B99D5B8005BC379 /* ImageStyle.swift */ = {isa = PBXFileReference; lastKnownFileType = sourcecode.swift; path = ImageStyle.swift; sourceTree = "<group>"; };
		618CB0772B99D62C005BC379 /* BaseView.swift */ = {isa = PBXFileReference; lastKnownFileType = sourcecode.swift; path = BaseView.swift; sourceTree = "<group>"; };
		618CB0792B99D632005BC379 /* BaseViewController.swift */ = {isa = PBXFileReference; lastKnownFileType = sourcecode.swift; path = BaseViewController.swift; sourceTree = "<group>"; };
		618CB07B2B99D64A005BC379 /* MapView.swift */ = {isa = PBXFileReference; lastKnownFileType = sourcecode.swift; path = MapView.swift; sourceTree = "<group>"; };
		618CB07D2B99D675005BC379 /* RecordListView.swift */ = {isa = PBXFileReference; lastKnownFileType = sourcecode.swift; path = RecordListView.swift; sourceTree = "<group>"; };
		618CB07F2B99D688005BC379 /* HistoryView.swift */ = {isa = PBXFileReference; lastKnownFileType = sourcecode.swift; path = HistoryView.swift; sourceTree = "<group>"; };
		618CB0812B99D6FE005BC379 /* APIKey.swift */ = {isa = PBXFileReference; lastKnownFileType = sourcecode.swift; path = APIKey.swift; sourceTree = "<group>"; };
		61D8E55C2B9F723E0080D167 /* UITextField+Extension.swift */ = {isa = PBXFileReference; lastKnownFileType = sourcecode.swift; path = "UITextField+Extension.swift"; sourceTree = "<group>"; };
		61D8E55F2B9F72970080D167 /* CustomTextField.swift */ = {isa = PBXFileReference; lastKnownFileType = sourcecode.swift; path = CustomTextField.swift; sourceTree = "<group>"; };
		61D8E5612B9F73150080D167 /* MapmoButton.swift */ = {isa = PBXFileReference; lastKnownFileType = sourcecode.swift; path = MapmoButton.swift; sourceTree = "<group>"; };
		61D8E5642B9F75820080D167 /* SelectCategoryColorCollectionViewCell.swift */ = {isa = PBXFileReference; lastKnownFileType = sourcecode.swift; path = SelectCategoryColorCollectionViewCell.swift; sourceTree = "<group>"; };
		61D8E5672B9F79D50080D167 /* CategoryColor.swift */ = {isa = PBXFileReference; lastKnownFileType = sourcecode.swift; path = CategoryColor.swift; sourceTree = "<group>"; };
		61D8E5692B9F7AAC0080D167 /* AddCategoryViewModel.swift */ = {isa = PBXFileReference; lastKnownFileType = sourcecode.swift; path = AddCategoryViewModel.swift; sourceTree = "<group>"; };
		61D8E56C2B9F7FFA0080D167 /* CreateRecordViewController.swift */ = {isa = PBXFileReference; lastKnownFileType = sourcecode.swift; path = CreateRecordViewController.swift; sourceTree = "<group>"; };
		61D8E56E2B9F803F0080D167 /* CreateRecordView.swift */ = {isa = PBXFileReference; lastKnownFileType = sourcecode.swift; path = CreateRecordView.swift; sourceTree = "<group>"; };
		61D8E5702B9FD7840080D167 /* Category.swift */ = {isa = PBXFileReference; lastKnownFileType = sourcecode.swift; path = Category.swift; sourceTree = "<group>"; };
		61D8E5722B9FDB110080D167 /* ValidationCategoryNameError.swift */ = {isa = PBXFileReference; lastKnownFileType = sourcecode.swift; path = ValidationCategoryNameError.swift; sourceTree = "<group>"; };
		61D8E5812BA01CFA0080D167 /* CategoryRepository.swift */ = {isa = PBXFileReference; lastKnownFileType = sourcecode.swift; path = CategoryRepository.swift; sourceTree = "<group>"; };
		61D8E5832BA02B660080D167 /* CreateRecordViewModel.swift */ = {isa = PBXFileReference; lastKnownFileType = sourcecode.swift; path = CreateRecordViewModel.swift; sourceTree = "<group>"; };
		61D8E5852BA032FD0080D167 /* InputRecordSection.swift */ = {isa = PBXFileReference; lastKnownFileType = sourcecode.swift; path = InputRecordSection.swift; sourceTree = "<group>"; };
		61D8E5882BA033B30080D167 /* AddPhotoCollectionViewCell.swift */ = {isa = PBXFileReference; lastKnownFileType = sourcecode.swift; path = AddPhotoCollectionViewCell.swift; sourceTree = "<group>"; };
		61D8E58A2BA04B8E0080D167 /* InputPlaceCollectionViewCell.swift */ = {isa = PBXFileReference; lastKnownFileType = sourcecode.swift; path = InputPlaceCollectionViewCell.swift; sourceTree = "<group>"; };
		61D8E58C2BA050A60080D167 /* InputVisitedDateCollectionViewCell.swift */ = {isa = PBXFileReference; lastKnownFileType = sourcecode.swift; path = InputVisitedDateCollectionViewCell.swift; sourceTree = "<group>"; };
		61D8E58E2BA051260080D167 /* InputMemoCollectionViewCell.swift */ = {isa = PBXFileReference; lastKnownFileType = sourcecode.swift; path = InputMemoCollectionViewCell.swift; sourceTree = "<group>"; };
		61D8E5902BA066560080D167 /* UIStackView+Extension.swift */ = {isa = PBXFileReference; lastKnownFileType = sourcecode.swift; path = "UIStackView+Extension.swift"; sourceTree = "<group>"; };
		61D8E5922BA076550080D167 /* PhotoCollectionViewCell.swift */ = {isa = PBXFileReference; lastKnownFileType = sourcecode.swift; path = PhotoCollectionViewCell.swift; sourceTree = "<group>"; };
		61D8E5972BA1F37D0080D167 /* SearchPlaceViewController.swift */ = {isa = PBXFileReference; lastKnownFileType = sourcecode.swift; path = SearchPlaceViewController.swift; sourceTree = "<group>"; };
		61D8E5992BA1F3A10080D167 /* SearchPlaceView.swift */ = {isa = PBXFileReference; lastKnownFileType = sourcecode.swift; path = SearchPlaceView.swift; sourceTree = "<group>"; };
		61D8E59D2BA211AB0080D167 /* PlaceCollectionViewCell.swift */ = {isa = PBXFileReference; lastKnownFileType = sourcecode.swift; path = PlaceCollectionViewCell.swift; sourceTree = "<group>"; };
		61D8E59F2BA213080080D167 /* NaverMapAPI.swift */ = {isa = PBXFileReference; lastKnownFileType = sourcecode.swift; path = NaverMapAPI.swift; sourceTree = "<group>"; };
		61D8E5A12BA213120080D167 /* NaverMapAPIManager.swift */ = {isa = PBXFileReference; lastKnownFileType = sourcecode.swift; path = NaverMapAPIManager.swift; sourceTree = "<group>"; };
		61D8E5A32BA213210080D167 /* SearchPlaceViewModel.swift */ = {isa = PBXFileReference; lastKnownFileType = sourcecode.swift; path = SearchPlaceViewModel.swift; sourceTree = "<group>"; };
		89A1130BA0DEA3EB97F2373A /* Pods-Mapmo.debug.xcconfig */ = {isa = PBXFileReference; includeInIndex = 1; lastKnownFileType = text.xcconfig; name = "Pods-Mapmo.debug.xcconfig"; path = "Target Support Files/Pods-Mapmo/Pods-Mapmo.debug.xcconfig"; sourceTree = "<group>"; };
		980F4D8B3D07F8E679D1D81B /* Pods_Mapmo.framework */ = {isa = PBXFileReference; explicitFileType = wrapper.framework; includeInIndex = 0; path = Pods_Mapmo.framework; sourceTree = BUILT_PRODUCTS_DIR; };
/* End PBXFileReference section */

/* Begin PBXFrameworksBuildPhase section */
		618CB0282B99D073005BC379 /* Frameworks */ = {
			isa = PBXFrameworksBuildPhase;
			buildActionMask = 2147483647;
			files = (
				DA6A4A6CA64332726B03C6F8 /* Pods_Mapmo.framework in Frameworks */,
			);
			runOnlyForDeploymentPostprocessing = 0;
		};
/* End PBXFrameworksBuildPhase section */

/* Begin PBXGroup section */
		447A6969DA3621F3D2AAA17E /* Frameworks */ = {
			isa = PBXGroup;
			children = (
				980F4D8B3D07F8E679D1D81B /* Pods_Mapmo.framework */,
			);
			name = Frameworks;
			sourceTree = "<group>";
		};
		61214F552B9F50A500C7D0B6 /* Cell */ = {
			isa = PBXGroup;
			children = (
				61D8E5872BA033970080D167 /* CreateRecord */,
				61D8E5632B9F75710080D167 /* AddCategory */,
				61D8E55B2B9F6EA60080D167 /* SelectCategory */,
			);
			path = Cell;
			sourceTree = "<group>";
		};
		61214F582B9F50E500C7D0B6 /* Protocol */ = {
			isa = PBXGroup;
			children = (
				61214F592B9F50F800C7D0B6 /* ReuseProtocol.swift */,
				61214F5B2B9F514F00C7D0B6 /* ViewProtocol.swift */,
			);
			path = Protocol;
			sourceTree = "<group>";
		};
		6126D2F02B9F159A001F2303 /* SelectCategory */ = {
			isa = PBXGroup;
			children = (
				614258632B9E93FF00F35521 /* SelectCategoryViewController.swift */,
				614258692B9E96AA00F35521 /* SelectCategoryView.swift */,
				6126D2F22B9F15CB001F2303 /* SelectCategoryViewModel.swift */,
			);
			path = SelectCategory;
			sourceTree = "<group>";
		};
		6126D2F12B9F15A2001F2303 /* AddCategory */ = {
			isa = PBXGroup;
			children = (
				614258652B9E940D00F35521 /* AddCategoryViewController.swift */,
				614258672B9E943500F35521 /* AddCategoryView.swift */,
				61D8E5692B9F7AAC0080D167 /* AddCategoryViewModel.swift */,
			);
			path = AddCategory;
			sourceTree = "<group>";
		};
		614258622B9E938600F35521 /* Record */ = {
			isa = PBXGroup;
			children = (
				61D8E56B2B9F7FE60080D167 /* CreateRecord */,
				6126D2F12B9F15A2001F2303 /* AddCategory */,
				6126D2F02B9F159A001F2303 /* SelectCategory */,
			);
			path = Record;
			sourceTree = "<group>";
		};
		618CB0222B99D073005BC379 = {
			isa = PBXGroup;
			children = (
				618CB0422B99D084005BC379 /* .gitignore */,
				618CB02D2B99D073005BC379 /* Mapmo */,
				618CB02C2B99D073005BC379 /* Products */,
				875C62DC5E3D3C1EC1FE7A70 /* Pods */,
				447A6969DA3621F3D2AAA17E /* Frameworks */,
			);
			sourceTree = "<group>";
		};
		618CB02C2B99D073005BC379 /* Products */ = {
			isa = PBXGroup;
			children = (
				618CB02B2B99D073005BC379 /* Mapmo.app */,
			);
			name = Products;
			sourceTree = "<group>";
		};
		618CB02D2B99D073005BC379 /* Mapmo */ = {
			isa = PBXGroup;
			children = (
				618CB0442B99D13A005BC379 /* Util */,
				618CB0482B99D14F005BC379 /* Application */,
				618CB0492B99D166005BC379 /* Model */,
				618CB04A2B99D16C005BC379 /* Network */,
				618CB04B2B99D173005BC379 /* Repository */,
				61214F552B9F50A500C7D0B6 /* Cell */,
				618CB04C2B99D17C005BC379 /* Scene */,
				618CB04D2B99D19C005BC379 /* Resources */,
				618CB03C2B99D075005BC379 /* Info.plist */,
				618CB0812B99D6FE005BC379 /* APIKey.swift */,
			);
			path = Mapmo;
			sourceTree = "<group>";
		};
		618CB0442B99D13A005BC379 /* Util */ = {
			isa = PBXGroup;
			children = (
				61D8E55E2B9F72780080D167 /* CustomView */,
				61214F582B9F50E500C7D0B6 /* Protocol */,
				618CB0472B99D148005BC379 /* Extensions */,
				618CB0462B99D143005BC379 /* Enum */,
				618CB0452B99D140005BC379 /* Base */,
				6142585D2B9E916D00F35521 /* Observable.swift */,
			);
			path = Util;
			sourceTree = "<group>";
		};
		618CB0452B99D140005BC379 /* Base */ = {
			isa = PBXGroup;
			children = (
				618CB0772B99D62C005BC379 /* BaseView.swift */,
				618CB0792B99D632005BC379 /* BaseViewController.swift */,
			);
			path = Base;
			sourceTree = "<group>";
		};
		618CB0462B99D143005BC379 /* Enum */ = {
			isa = PBXGroup;
			children = (
				618CB0652B99D3B3005BC379 /* TabItem.swift */,
				618CB0732B99D5B2005BC379 /* ColorStyle.swift */,
				618CB0752B99D5B8005BC379 /* ImageStyle.swift */,
				61D8E5672B9F79D50080D167 /* CategoryColor.swift */,
				61D8E5722B9FDB110080D167 /* ValidationCategoryNameError.swift */,
				61D8E5852BA032FD0080D167 /* InputRecordSection.swift */,
			);
			path = Enum;
			sourceTree = "<group>";
		};
		618CB0472B99D148005BC379 /* Extensions */ = {
			isa = PBXGroup;
			children = (
				618CB0612B99D337005BC379 /* UIFont+Pretendard.swift */,
				61214F5D2B9F52EF00C7D0B6 /* UILabel+Extension.swift */,
				61D8E55C2B9F723E0080D167 /* UITextField+Extension.swift */,
				61D8E5902BA066560080D167 /* UIStackView+Extension.swift */,
			);
			path = Extensions;
			sourceTree = "<group>";
		};
		618CB0482B99D14F005BC379 /* Application */ = {
			isa = PBXGroup;
			children = (
				618CB02E2B99D073005BC379 /* AppDelegate.swift */,
				618CB0302B99D073005BC379 /* SceneDelegate.swift */,
			);
			path = Application;
			sourceTree = "<group>";
		};
		618CB0492B99D166005BC379 /* Model */ = {
			isa = PBXGroup;
			children = (
				61D8E5702B9FD7840080D167 /* Category.swift */,
			);
			path = Model;
			sourceTree = "<group>";
		};
		618CB04A2B99D16C005BC379 /* Network */ = {
			isa = PBXGroup;
			children = (
				61D8E59F2BA213080080D167 /* NaverMapAPI.swift */,
				61D8E5A12BA213120080D167 /* NaverMapAPIManager.swift */,
			);
			path = Network;
			sourceTree = "<group>";
		};
		618CB04B2B99D173005BC379 /* Repository */ = {
			isa = PBXGroup;
			children = (
				61D8E5812BA01CFA0080D167 /* CategoryRepository.swift */,
			);
			path = Repository;
			sourceTree = "<group>";
		};
		618CB04C2B99D17C005BC379 /* Scene */ = {
			isa = PBXGroup;
			children = (
				614258622B9E938600F35521 /* Record */,
				618CB0672B99D51C005BC379 /* Map */,
				618CB0682B99D525005BC379 /* RecordList */,
				618CB0692B99D52B005BC379 /* History */,
				618CB0632B99D397005BC379 /* TabBarController.swift */,
			);
			path = Scene;
			sourceTree = "<group>";
		};
		618CB04D2B99D19C005BC379 /* Resources */ = {
			isa = PBXGroup;
			children = (
				618CB04E2B99D1AB005BC379 /* Fonts */,
				618CB0372B99D075005BC379 /* Assets.xcassets */,
				618CB0392B99D075005BC379 /* LaunchScreen.storyboard */,
				618CB0712B99D58A005BC379 /* Colors.xcassets */,
			);
			path = Resources;
			sourceTree = "<group>";
		};
		618CB04E2B99D1AB005BC379 /* Fonts */ = {
			isa = PBXGroup;
			children = (
				618CB04F2B99D2CF005BC379 /* Pretendard-Black.otf */,
				618CB0522B99D2CF005BC379 /* Pretendard-Bold.otf */,
				618CB0532B99D2CF005BC379 /* Pretendard-ExtraBold.otf */,
				618CB0572B99D2D0005BC379 /* Pretendard-ExtraLight.otf */,
				618CB0502B99D2CF005BC379 /* Pretendard-Light.otf */,
				618CB0512B99D2CF005BC379 /* Pretendard-Medium.otf */,
				618CB0542B99D2CF005BC379 /* Pretendard-Regular.otf */,
				618CB0562B99D2D0005BC379 /* Pretendard-SemiBold.otf */,
				618CB0552B99D2D0005BC379 /* Pretendard-Thin.otf */,
			);
			path = Fonts;
			sourceTree = "<group>";
		};
		618CB0672B99D51C005BC379 /* Map */ = {
			isa = PBXGroup;
			children = (
				618CB06A2B99D548005BC379 /* MapViewController.swift */,
				618CB07B2B99D64A005BC379 /* MapView.swift */,
				6142585B2B9E903800F35521 /* MapViewModel.swift */,
			);
			path = Map;
			sourceTree = "<group>";
		};
		618CB0682B99D525005BC379 /* RecordList */ = {
			isa = PBXGroup;
			children = (
				618CB06C2B99D551005BC379 /* RecordListViewController.swift */,
				618CB07D2B99D675005BC379 /* RecordListView.swift */,
			);
			path = RecordList;
			sourceTree = "<group>";
		};
		618CB0692B99D52B005BC379 /* History */ = {
			isa = PBXGroup;
			children = (
				618CB06E2B99D55D005BC379 /* HistoryViewController.swift */,
				618CB07F2B99D688005BC379 /* HistoryView.swift */,
			);
			path = History;
			sourceTree = "<group>";
		};
		61D8E55B2B9F6EA60080D167 /* SelectCategory */ = {
			isa = PBXGroup;
			children = (
				61214F562B9F50D000C7D0B6 /* SelectCategoryCollectionHeaderView.swift */,
				61214F5F2B9F597D00C7D0B6 /* SelectCategoryCollectionViewCell.swift */,
			);
			path = SelectCategory;
			sourceTree = "<group>";
		};
		61D8E55E2B9F72780080D167 /* CustomView */ = {
			isa = PBXGroup;
			children = (
				61D8E55F2B9F72970080D167 /* CustomTextField.swift */,
				61D8E5612B9F73150080D167 /* MapmoButton.swift */,
			);
			path = CustomView;
			sourceTree = "<group>";
		};
		61D8E5632B9F75710080D167 /* AddCategory */ = {
			isa = PBXGroup;
			children = (
				61D8E5642B9F75820080D167 /* SelectCategoryColorCollectionViewCell.swift */,
			);
			path = AddCategory;
			sourceTree = "<group>";
		};
		61D8E56B2B9F7FE60080D167 /* CreateRecord */ = {
			isa = PBXGroup;
			children = (
				61D8E59B2BA1F3B10080D167 /* SearchPlace */,
				61D8E56C2B9F7FFA0080D167 /* CreateRecordViewController.swift */,
				61D8E56E2B9F803F0080D167 /* CreateRecordView.swift */,
				61D8E5832BA02B660080D167 /* CreateRecordViewModel.swift */,
			);
			path = CreateRecord;
			sourceTree = "<group>";
		};
		61D8E5872BA033970080D167 /* CreateRecord */ = {
			isa = PBXGroup;
			children = (
				61D8E59C2BA2119A0080D167 /* SearchPlace */,
				61D8E5882BA033B30080D167 /* AddPhotoCollectionViewCell.swift */,
				61D8E58A2BA04B8E0080D167 /* InputPlaceCollectionViewCell.swift */,
				61D8E58C2BA050A60080D167 /* InputVisitedDateCollectionViewCell.swift */,
				61D8E58E2BA051260080D167 /* InputMemoCollectionViewCell.swift */,
				61D8E5922BA076550080D167 /* PhotoCollectionViewCell.swift */,
			);
			path = CreateRecord;
			sourceTree = "<group>";
		};
		61D8E59B2BA1F3B10080D167 /* SearchPlace */ = {
			isa = PBXGroup;
			children = (
				61D8E5972BA1F37D0080D167 /* SearchPlaceViewController.swift */,
				61D8E5992BA1F3A10080D167 /* SearchPlaceView.swift */,
				61D8E5A32BA213210080D167 /* SearchPlaceViewModel.swift */,
			);
			path = SearchPlace;
			sourceTree = "<group>";
		};
		61D8E59C2BA2119A0080D167 /* SearchPlace */ = {
			isa = PBXGroup;
			children = (
				61D8E59D2BA211AB0080D167 /* PlaceCollectionViewCell.swift */,
			);
			name = SearchPlace;
			sourceTree = "<group>";
		};
		875C62DC5E3D3C1EC1FE7A70 /* Pods */ = {
			isa = PBXGroup;
			children = (
				89A1130BA0DEA3EB97F2373A /* Pods-Mapmo.debug.xcconfig */,
				266404A7697C85E9C64645C6 /* Pods-Mapmo.release.xcconfig */,
			);
			path = Pods;
			sourceTree = "<group>";
		};
/* End PBXGroup section */

/* Begin PBXNativeTarget section */
		618CB02A2B99D073005BC379 /* Mapmo */ = {
			isa = PBXNativeTarget;
			buildConfigurationList = 618CB03F2B99D075005BC379 /* Build configuration list for PBXNativeTarget "Mapmo" */;
			buildPhases = (
				85158EBE66D9C053256DE78B /* [CP] Check Pods Manifest.lock */,
				618CB0272B99D073005BC379 /* Sources */,
				618CB0282B99D073005BC379 /* Frameworks */,
				618CB0292B99D073005BC379 /* Resources */,
				736C3896BF68367391F0CDBB /* [CP] Embed Pods Frameworks */,
			);
			buildRules = (
			);
			dependencies = (
			);
			name = Mapmo;
			productName = Mapmo;
			productReference = 618CB02B2B99D073005BC379 /* Mapmo.app */;
			productType = "com.apple.product-type.application";
		};
/* End PBXNativeTarget section */

/* Begin PBXProject section */
		618CB0232B99D073005BC379 /* Project object */ = {
			isa = PBXProject;
			attributes = {
				BuildIndependentTargetsInParallel = 1;
				LastSwiftUpdateCheck = 1510;
				LastUpgradeCheck = 1510;
				TargetAttributes = {
					618CB02A2B99D073005BC379 = {
						CreatedOnToolsVersion = 15.1;
					};
				};
			};
			buildConfigurationList = 618CB0262B99D073005BC379 /* Build configuration list for PBXProject "Mapmo" */;
			compatibilityVersion = "Xcode 14.0";
			developmentRegion = en;
			hasScannedForEncodings = 0;
			knownRegions = (
				en,
				Base,
			);
			mainGroup = 618CB0222B99D073005BC379;
			productRefGroup = 618CB02C2B99D073005BC379 /* Products */;
			projectDirPath = "";
			projectRoot = "";
			targets = (
				618CB02A2B99D073005BC379 /* Mapmo */,
			);
		};
/* End PBXProject section */

/* Begin PBXResourcesBuildPhase section */
		618CB0292B99D073005BC379 /* Resources */ = {
			isa = PBXResourcesBuildPhase;
			buildActionMask = 2147483647;
			files = (
				618CB05F2B99D2D0005BC379 /* Pretendard-SemiBold.otf in Resources */,
				618CB0432B99D084005BC379 /* .gitignore in Resources */,
				618CB0722B99D58A005BC379 /* Colors.xcassets in Resources */,
				618CB05E2B99D2D0005BC379 /* Pretendard-Thin.otf in Resources */,
				618CB03B2B99D075005BC379 /* LaunchScreen.storyboard in Resources */,
				618CB05C2B99D2D0005BC379 /* Pretendard-ExtraBold.otf in Resources */,
				618CB05B2B99D2D0005BC379 /* Pretendard-Bold.otf in Resources */,
				618CB0602B99D2D0005BC379 /* Pretendard-ExtraLight.otf in Resources */,
				618CB05D2B99D2D0005BC379 /* Pretendard-Regular.otf in Resources */,
				618CB0582B99D2D0005BC379 /* Pretendard-Black.otf in Resources */,
				618CB0592B99D2D0005BC379 /* Pretendard-Light.otf in Resources */,
				618CB0382B99D075005BC379 /* Assets.xcassets in Resources */,
				618CB05A2B99D2D0005BC379 /* Pretendard-Medium.otf in Resources */,
			);
			runOnlyForDeploymentPostprocessing = 0;
		};
/* End PBXResourcesBuildPhase section */

/* Begin PBXShellScriptBuildPhase section */
		736C3896BF68367391F0CDBB /* [CP] Embed Pods Frameworks */ = {
			isa = PBXShellScriptBuildPhase;
			buildActionMask = 2147483647;
			files = (
			);
			inputFileListPaths = (
				"${PODS_ROOT}/Target Support Files/Pods-Mapmo/Pods-Mapmo-frameworks-${CONFIGURATION}-input-files.xcfilelist",
			);
			name = "[CP] Embed Pods Frameworks";
			outputFileListPaths = (
				"${PODS_ROOT}/Target Support Files/Pods-Mapmo/Pods-Mapmo-frameworks-${CONFIGURATION}-output-files.xcfilelist",
			);
			runOnlyForDeploymentPostprocessing = 0;
			shellPath = /bin/sh;
			shellScript = "\"${PODS_ROOT}/Target Support Files/Pods-Mapmo/Pods-Mapmo-frameworks.sh\"\n";
			showEnvVarsInLog = 0;
		};
		85158EBE66D9C053256DE78B /* [CP] Check Pods Manifest.lock */ = {
			isa = PBXShellScriptBuildPhase;
			buildActionMask = 2147483647;
			files = (
			);
			inputFileListPaths = (
			);
			inputPaths = (
				"${PODS_PODFILE_DIR_PATH}/Podfile.lock",
				"${PODS_ROOT}/Manifest.lock",
			);
			name = "[CP] Check Pods Manifest.lock";
			outputFileListPaths = (
			);
			outputPaths = (
				"$(DERIVED_FILE_DIR)/Pods-Mapmo-checkManifestLockResult.txt",
			);
			runOnlyForDeploymentPostprocessing = 0;
			shellPath = /bin/sh;
			shellScript = "diff \"${PODS_PODFILE_DIR_PATH}/Podfile.lock\" \"${PODS_ROOT}/Manifest.lock\" > /dev/null\nif [ $? != 0 ] ; then\n    # print error to STDERR\n    echo \"error: The sandbox is not in sync with the Podfile.lock. Run 'pod install' or update your CocoaPods installation.\" >&2\n    exit 1\nfi\n# This output is used by Xcode 'outputs' to avoid re-running this script phase.\necho \"SUCCESS\" > \"${SCRIPT_OUTPUT_FILE_0}\"\n";
			showEnvVarsInLog = 0;
		};
/* End PBXShellScriptBuildPhase section */

/* Begin PBXSourcesBuildPhase section */
		618CB0272B99D073005BC379 /* Sources */ = {
			isa = PBXSourcesBuildPhase;
			buildActionMask = 2147483647;
			files = (
				61D8E58B2BA04B8E0080D167 /* InputPlaceCollectionViewCell.swift in Sources */,
				614258682B9E943500F35521 /* AddCategoryView.swift in Sources */,
				61D8E5A42BA213210080D167 /* SearchPlaceViewModel.swift in Sources */,
				618CB0742B99D5B2005BC379 /* ColorStyle.swift in Sources */,
				61D8E5892BA033B30080D167 /* AddPhotoCollectionViewCell.swift in Sources */,
				618CB0762B99D5B8005BC379 /* ImageStyle.swift in Sources */,
				61D8E5932BA076550080D167 /* PhotoCollectionViewCell.swift in Sources */,
				61D8E59E2BA211AB0080D167 /* PlaceCollectionViewCell.swift in Sources */,
				61D8E56F2B9F80400080D167 /* CreateRecordView.swift in Sources */,
				618CB0622B99D337005BC379 /* UIFont+Pretendard.swift in Sources */,
				61214F5C2B9F514F00C7D0B6 /* ViewProtocol.swift in Sources */,
				61D8E5732B9FDB110080D167 /* ValidationCategoryNameError.swift in Sources */,
				618CB06D2B99D551005BC379 /* RecordListViewController.swift in Sources */,
				61D8E5682B9F79D50080D167 /* CategoryColor.swift in Sources */,
				6142585E2B9E916D00F35521 /* Observable.swift in Sources */,
				618CB07C2B99D64A005BC379 /* MapView.swift in Sources */,
				61D8E58F2BA051260080D167 /* InputMemoCollectionViewCell.swift in Sources */,
				61D8E5622B9F73150080D167 /* MapmoButton.swift in Sources */,
				618CB06B2B99D548005BC379 /* MapViewController.swift in Sources */,
				61D8E5652B9F75820080D167 /* SelectCategoryColorCollectionViewCell.swift in Sources */,
				618CB07A2B99D632005BC379 /* BaseViewController.swift in Sources */,
				61214F602B9F597D00C7D0B6 /* SelectCategoryCollectionViewCell.swift in Sources */,
				61D8E5982BA1F37D0080D167 /* SearchPlaceViewController.swift in Sources */,
				61D8E5A22BA213120080D167 /* NaverMapAPIManager.swift in Sources */,
				61D8E55D2B9F723E0080D167 /* UITextField+Extension.swift in Sources */,
				61214F572B9F50D000C7D0B6 /* SelectCategoryCollectionHeaderView.swift in Sources */,
				61D8E5912BA066560080D167 /* UIStackView+Extension.swift in Sources */,
				61D8E5822BA01CFA0080D167 /* CategoryRepository.swift in Sources */,
				614258642B9E93FF00F35521 /* SelectCategoryViewController.swift in Sources */,
				61D8E5602B9F72970080D167 /* CustomTextField.swift in Sources */,
				61D8E5842BA02B660080D167 /* CreateRecordViewModel.swift in Sources */,
				61D8E58D2BA050A60080D167 /* InputVisitedDateCollectionViewCell.swift in Sources */,
				61D8E59A2BA1F3A10080D167 /* SearchPlaceView.swift in Sources */,
				6142586A2B9E96AB00F35521 /* SelectCategoryView.swift in Sources */,
				618CB0802B99D688005BC379 /* HistoryView.swift in Sources */,
				61214F5A2B9F50F800C7D0B6 /* ReuseProtocol.swift in Sources */,
				6126D2F32B9F15CB001F2303 /* SelectCategoryViewModel.swift in Sources */,
				618CB0642B99D397005BC379 /* TabBarController.swift in Sources */,
				61214F5E2B9F52EF00C7D0B6 /* UILabel+Extension.swift in Sources */,
				61D8E56A2B9F7AAC0080D167 /* AddCategoryViewModel.swift in Sources */,
				618CB02F2B99D073005BC379 /* AppDelegate.swift in Sources */,
				618CB0822B99D6FE005BC379 /* APIKey.swift in Sources */,
				61D8E5A02BA213080080D167 /* NaverMapAPI.swift in Sources */,
				618CB07E2B99D675005BC379 /* RecordListView.swift in Sources */,
				61D8E5712B9FD7840080D167 /* Category.swift in Sources */,
				618CB0662B99D3B3005BC379 /* TabItem.swift in Sources */,
				6142585C2B9E903800F35521 /* MapViewModel.swift in Sources */,
				614258662B9E940D00F35521 /* AddCategoryViewController.swift in Sources */,
				61D8E56D2B9F7FFA0080D167 /* CreateRecordViewController.swift in Sources */,
				618CB0312B99D073005BC379 /* SceneDelegate.swift in Sources */,
				61D8E5862BA032FD0080D167 /* InputRecordSection.swift in Sources */,
				618CB0782B99D62C005BC379 /* BaseView.swift in Sources */,
				618CB06F2B99D55D005BC379 /* HistoryViewController.swift in Sources */,
			);
			runOnlyForDeploymentPostprocessing = 0;
		};
/* End PBXSourcesBuildPhase section */

/* Begin PBXVariantGroup section */
		618CB0392B99D075005BC379 /* LaunchScreen.storyboard */ = {
			isa = PBXVariantGroup;
			children = (
				618CB03A2B99D075005BC379 /* Base */,
			);
			name = LaunchScreen.storyboard;
			sourceTree = "<group>";
		};
/* End PBXVariantGroup section */

/* Begin XCBuildConfiguration section */
		618CB03D2B99D075005BC379 /* Debug */ = {
			isa = XCBuildConfiguration;
			buildSettings = {
				ALWAYS_SEARCH_USER_PATHS = NO;
				ASSETCATALOG_COMPILER_GENERATE_SWIFT_ASSET_SYMBOL_EXTENSIONS = YES;
				CLANG_ANALYZER_NONNULL = YES;
				CLANG_ANALYZER_NUMBER_OBJECT_CONVERSION = YES_AGGRESSIVE;
				CLANG_CXX_LANGUAGE_STANDARD = "gnu++20";
				CLANG_ENABLE_MODULES = YES;
				CLANG_ENABLE_OBJC_ARC = YES;
				CLANG_ENABLE_OBJC_WEAK = YES;
				CLANG_WARN_BLOCK_CAPTURE_AUTORELEASING = YES;
				CLANG_WARN_BOOL_CONVERSION = YES;
				CLANG_WARN_COMMA = YES;
				CLANG_WARN_CONSTANT_CONVERSION = YES;
				CLANG_WARN_DEPRECATED_OBJC_IMPLEMENTATIONS = YES;
				CLANG_WARN_DIRECT_OBJC_ISA_USAGE = YES_ERROR;
				CLANG_WARN_DOCUMENTATION_COMMENTS = YES;
				CLANG_WARN_EMPTY_BODY = YES;
				CLANG_WARN_ENUM_CONVERSION = YES;
				CLANG_WARN_INFINITE_RECURSION = YES;
				CLANG_WARN_INT_CONVERSION = YES;
				CLANG_WARN_NON_LITERAL_NULL_CONVERSION = YES;
				CLANG_WARN_OBJC_IMPLICIT_RETAIN_SELF = YES;
				CLANG_WARN_OBJC_LITERAL_CONVERSION = YES;
				CLANG_WARN_OBJC_ROOT_CLASS = YES_ERROR;
				CLANG_WARN_QUOTED_INCLUDE_IN_FRAMEWORK_HEADER = YES;
				CLANG_WARN_RANGE_LOOP_ANALYSIS = YES;
				CLANG_WARN_STRICT_PROTOTYPES = YES;
				CLANG_WARN_SUSPICIOUS_MOVE = YES;
				CLANG_WARN_UNGUARDED_AVAILABILITY = YES_AGGRESSIVE;
				CLANG_WARN_UNREACHABLE_CODE = YES;
				CLANG_WARN__DUPLICATE_METHOD_MATCH = YES;
				COPY_PHASE_STRIP = NO;
				DEBUG_INFORMATION_FORMAT = dwarf;
				ENABLE_STRICT_OBJC_MSGSEND = YES;
				ENABLE_TESTABILITY = YES;
				ENABLE_USER_SCRIPT_SANDBOXING = YES;
				GCC_C_LANGUAGE_STANDARD = gnu17;
				GCC_DYNAMIC_NO_PIC = NO;
				GCC_NO_COMMON_BLOCKS = YES;
				GCC_OPTIMIZATION_LEVEL = 0;
				GCC_PREPROCESSOR_DEFINITIONS = (
					"DEBUG=1",
					"$(inherited)",
				);
				GCC_WARN_64_TO_32_BIT_CONVERSION = YES;
				GCC_WARN_ABOUT_RETURN_TYPE = YES_ERROR;
				GCC_WARN_UNDECLARED_SELECTOR = YES;
				GCC_WARN_UNINITIALIZED_AUTOS = YES_AGGRESSIVE;
				GCC_WARN_UNUSED_FUNCTION = YES;
				GCC_WARN_UNUSED_VARIABLE = YES;
				IPHONEOS_DEPLOYMENT_TARGET = 17.2;
				LOCALIZATION_PREFERS_STRING_CATALOGS = YES;
				MTL_ENABLE_DEBUG_INFO = INCLUDE_SOURCE;
				MTL_FAST_MATH = YES;
				ONLY_ACTIVE_ARCH = YES;
				SDKROOT = iphoneos;
				SWIFT_ACTIVE_COMPILATION_CONDITIONS = "DEBUG $(inherited)";
				SWIFT_OPTIMIZATION_LEVEL = "-Onone";
			};
			name = Debug;
		};
		618CB03E2B99D075005BC379 /* Release */ = {
			isa = XCBuildConfiguration;
			buildSettings = {
				ALWAYS_SEARCH_USER_PATHS = NO;
				ASSETCATALOG_COMPILER_GENERATE_SWIFT_ASSET_SYMBOL_EXTENSIONS = YES;
				CLANG_ANALYZER_NONNULL = YES;
				CLANG_ANALYZER_NUMBER_OBJECT_CONVERSION = YES_AGGRESSIVE;
				CLANG_CXX_LANGUAGE_STANDARD = "gnu++20";
				CLANG_ENABLE_MODULES = YES;
				CLANG_ENABLE_OBJC_ARC = YES;
				CLANG_ENABLE_OBJC_WEAK = YES;
				CLANG_WARN_BLOCK_CAPTURE_AUTORELEASING = YES;
				CLANG_WARN_BOOL_CONVERSION = YES;
				CLANG_WARN_COMMA = YES;
				CLANG_WARN_CONSTANT_CONVERSION = YES;
				CLANG_WARN_DEPRECATED_OBJC_IMPLEMENTATIONS = YES;
				CLANG_WARN_DIRECT_OBJC_ISA_USAGE = YES_ERROR;
				CLANG_WARN_DOCUMENTATION_COMMENTS = YES;
				CLANG_WARN_EMPTY_BODY = YES;
				CLANG_WARN_ENUM_CONVERSION = YES;
				CLANG_WARN_INFINITE_RECURSION = YES;
				CLANG_WARN_INT_CONVERSION = YES;
				CLANG_WARN_NON_LITERAL_NULL_CONVERSION = YES;
				CLANG_WARN_OBJC_IMPLICIT_RETAIN_SELF = YES;
				CLANG_WARN_OBJC_LITERAL_CONVERSION = YES;
				CLANG_WARN_OBJC_ROOT_CLASS = YES_ERROR;
				CLANG_WARN_QUOTED_INCLUDE_IN_FRAMEWORK_HEADER = YES;
				CLANG_WARN_RANGE_LOOP_ANALYSIS = YES;
				CLANG_WARN_STRICT_PROTOTYPES = YES;
				CLANG_WARN_SUSPICIOUS_MOVE = YES;
				CLANG_WARN_UNGUARDED_AVAILABILITY = YES_AGGRESSIVE;
				CLANG_WARN_UNREACHABLE_CODE = YES;
				CLANG_WARN__DUPLICATE_METHOD_MATCH = YES;
				COPY_PHASE_STRIP = NO;
				DEBUG_INFORMATION_FORMAT = "dwarf-with-dsym";
				ENABLE_NS_ASSERTIONS = NO;
				ENABLE_STRICT_OBJC_MSGSEND = YES;
				ENABLE_USER_SCRIPT_SANDBOXING = YES;
				GCC_C_LANGUAGE_STANDARD = gnu17;
				GCC_NO_COMMON_BLOCKS = YES;
				GCC_WARN_64_TO_32_BIT_CONVERSION = YES;
				GCC_WARN_ABOUT_RETURN_TYPE = YES_ERROR;
				GCC_WARN_UNDECLARED_SELECTOR = YES;
				GCC_WARN_UNINITIALIZED_AUTOS = YES_AGGRESSIVE;
				GCC_WARN_UNUSED_FUNCTION = YES;
				GCC_WARN_UNUSED_VARIABLE = YES;
				IPHONEOS_DEPLOYMENT_TARGET = 17.2;
				LOCALIZATION_PREFERS_STRING_CATALOGS = YES;
				MTL_ENABLE_DEBUG_INFO = NO;
				MTL_FAST_MATH = YES;
				SDKROOT = iphoneos;
				SWIFT_COMPILATION_MODE = wholemodule;
				VALIDATE_PRODUCT = YES;
			};
			name = Release;
		};
		618CB0402B99D075005BC379 /* Debug */ = {
			isa = XCBuildConfiguration;
			baseConfigurationReference = 89A1130BA0DEA3EB97F2373A /* Pods-Mapmo.debug.xcconfig */;
			buildSettings = {
				ASSETCATALOG_COMPILER_APPICON_NAME = AppIcon;
				ASSETCATALOG_COMPILER_GLOBAL_ACCENT_COLOR_NAME = AccentColor;
				CODE_SIGN_STYLE = Automatic;
				CURRENT_PROJECT_VERSION = 1;
				DEVELOPMENT_TEAM = T2Q8P9627P;
				ENABLE_USER_SCRIPT_SANDBOXING = NO;
				GENERATE_INFOPLIST_FILE = YES;
				INFOPLIST_FILE = Mapmo/Info.plist;
				INFOPLIST_KEY_UIApplicationSupportsIndirectInputEvents = YES;
				INFOPLIST_KEY_UILaunchStoryboardName = LaunchScreen;
				INFOPLIST_KEY_UISupportedInterfaceOrientations = UIInterfaceOrientationPortrait;
				INFOPLIST_KEY_UISupportedInterfaceOrientations_iPad = "UIInterfaceOrientationLandscapeLeft UIInterfaceOrientationLandscapeRight UIInterfaceOrientationPortrait UIInterfaceOrientationPortraitUpsideDown";
				IPHONEOS_DEPLOYMENT_TARGET = 15.0;
				LD_RUNPATH_SEARCH_PATHS = (
					"$(inherited)",
					"@executable_path/Frameworks",
				);
				MARKETING_VERSION = 1.0;
				PRODUCT_BUNDLE_IDENTIFIER = com.yuz.Mapmo;
				PRODUCT_NAME = "$(TARGET_NAME)";
				SUPPORTED_PLATFORMS = "iphoneos iphonesimulator";
				SUPPORTS_MACCATALYST = NO;
				SUPPORTS_MAC_DESIGNED_FOR_IPHONE_IPAD = NO;
				SWIFT_EMIT_LOC_STRINGS = YES;
				SWIFT_VERSION = 5.0;
				TARGETED_DEVICE_FAMILY = 1;
			};
			name = Debug;
		};
		618CB0412B99D075005BC379 /* Release */ = {
			isa = XCBuildConfiguration;
			baseConfigurationReference = 266404A7697C85E9C64645C6 /* Pods-Mapmo.release.xcconfig */;
			buildSettings = {
				ASSETCATALOG_COMPILER_APPICON_NAME = AppIcon;
				ASSETCATALOG_COMPILER_GLOBAL_ACCENT_COLOR_NAME = AccentColor;
				CODE_SIGN_STYLE = Automatic;
				CURRENT_PROJECT_VERSION = 1;
				DEVELOPMENT_TEAM = T2Q8P9627P;
				ENABLE_USER_SCRIPT_SANDBOXING = NO;
				GENERATE_INFOPLIST_FILE = YES;
				INFOPLIST_FILE = Mapmo/Info.plist;
				INFOPLIST_KEY_UIApplicationSupportsIndirectInputEvents = YES;
				INFOPLIST_KEY_UILaunchStoryboardName = LaunchScreen;
				INFOPLIST_KEY_UISupportedInterfaceOrientations = UIInterfaceOrientationPortrait;
				INFOPLIST_KEY_UISupportedInterfaceOrientations_iPad = "UIInterfaceOrientationLandscapeLeft UIInterfaceOrientationLandscapeRight UIInterfaceOrientationPortrait UIInterfaceOrientationPortraitUpsideDown";
				IPHONEOS_DEPLOYMENT_TARGET = 15.0;
				LD_RUNPATH_SEARCH_PATHS = (
					"$(inherited)",
					"@executable_path/Frameworks",
				);
				MARKETING_VERSION = 1.0;
				PRODUCT_BUNDLE_IDENTIFIER = com.yuz.Mapmo;
				PRODUCT_NAME = "$(TARGET_NAME)";
				SUPPORTED_PLATFORMS = "iphoneos iphonesimulator";
				SUPPORTS_MACCATALYST = NO;
				SUPPORTS_MAC_DESIGNED_FOR_IPHONE_IPAD = NO;
				SWIFT_EMIT_LOC_STRINGS = YES;
				SWIFT_VERSION = 5.0;
				TARGETED_DEVICE_FAMILY = 1;
			};
			name = Release;
		};
/* End XCBuildConfiguration section */

/* Begin XCConfigurationList section */
		618CB0262B99D073005BC379 /* Build configuration list for PBXProject "Mapmo" */ = {
			isa = XCConfigurationList;
			buildConfigurations = (
				618CB03D2B99D075005BC379 /* Debug */,
				618CB03E2B99D075005BC379 /* Release */,
			);
			defaultConfigurationIsVisible = 0;
			defaultConfigurationName = Release;
		};
		618CB03F2B99D075005BC379 /* Build configuration list for PBXNativeTarget "Mapmo" */ = {
			isa = XCConfigurationList;
			buildConfigurations = (
				618CB0402B99D075005BC379 /* Debug */,
				618CB0412B99D075005BC379 /* Release */,
			);
			defaultConfigurationIsVisible = 0;
			defaultConfigurationName = Release;
		};
/* End XCConfigurationList section */
	};
	rootObject = 618CB0232B99D073005BC379 /* Project object */;
}
