// !$*UTF8*$!
{
	archiveVersion = 1;
	classes = {
	};
	objectVersion = 56;
	objects = {

/* Begin PBXBuildFile section */
		611728E82BA897FD005EBD79 /* CategoryRecordCountCollectionViewCell.swift in Sources */ = {isa = PBXBuildFile; fileRef = 611728E72BA897FD005EBD79 /* CategoryRecordCountCollectionViewCell.swift */; };
		611728EA2BA89819005EBD79 /* DateRecordCountCollectionViewCell.swift in Sources */ = {isa = PBXBuildFile; fileRef = 611728E92BA89819005EBD79 /* DateRecordCountCollectionViewCell.swift */; };
		611728EC2BA89826005EBD79 /* CategoryLikeCountCollectionViewCell.swift in Sources */ = {isa = PBXBuildFile; fileRef = 611728EB2BA89826005EBD79 /* CategoryLikeCountCollectionViewCell.swift */; };
		611728EF2BA9120C005EBD79 /* DetailRecordViewController.swift in Sources */ = {isa = PBXBuildFile; fileRef = 611728EE2BA9120C005EBD79 /* DetailRecordViewController.swift */; };
		611728F12BA91241005EBD79 /* DetailRecordView.swift in Sources */ = {isa = PBXBuildFile; fileRef = 611728F02BA91241005EBD79 /* DetailRecordView.swift */; };
		611729012BA96158005EBD79 /* InfoView.swift in Sources */ = {isa = PBXBuildFile; fileRef = 611729002BA96158005EBD79 /* InfoView.swift */; };
		611729032BA9734A005EBD79 /* MemoInfoView.swift in Sources */ = {isa = PBXBuildFile; fileRef = 611729022BA9734A005EBD79 /* MemoInfoView.swift */; };
		611729052BA976F2005EBD79 /* DetailRecordViewModel.swift in Sources */ = {isa = PBXBuildFile; fileRef = 611729042BA976F2005EBD79 /* DetailRecordViewModel.swift */; };
		611729072BA9E7B7005EBD79 /* PreviousVC.swift in Sources */ = {isa = PBXBuildFile; fileRef = 611729062BA9E7B7005EBD79 /* PreviousVC.swift */; };
		6117290A2BAB2229005EBD79 /* PassDataDelegate.swift in Sources */ = {isa = PBXBuildFile; fileRef = 611729092BAB2229005EBD79 /* PassDataDelegate.swift */; };
		6117290E2BAC2985005EBD79 /* MapRecordListViewModel.swift in Sources */ = {isa = PBXBuildFile; fileRef = 6117290D2BAC2985005EBD79 /* MapRecordListViewModel.swift */; };
		611729102BACA167005EBD79 /* RecordCollectionReusableView.swift in Sources */ = {isa = PBXBuildFile; fileRef = 6117290F2BACA167005EBD79 /* RecordCollectionReusableView.swift */; };
		611729122BACAB2D005EBD79 /* UserDefaultManager.swift in Sources */ = {isa = PBXBuildFile; fileRef = 611729112BACAB2D005EBD79 /* UserDefaultManager.swift */; };
		611729142BACABA7005EBD79 /* DefaultCategory.swift in Sources */ = {isa = PBXBuildFile; fileRef = 611729132BACABA7005EBD79 /* DefaultCategory.swift */; };
		611729172BADFA37005EBD79 /* RecordListViewModel.swift in Sources */ = {isa = PBXBuildFile; fileRef = 611729162BADFA37005EBD79 /* RecordListViewModel.swift */; };
		6117291A2BADFA8D005EBD79 /* RecordListCollectionReusableView.swift in Sources */ = {isa = PBXBuildFile; fileRef = 611729192BADFA8D005EBD79 /* RecordListCollectionReusableView.swift */; };
		6117291C2BADFA97005EBD79 /* RecordListCollectionViewCell.swift in Sources */ = {isa = PBXBuildFile; fileRef = 6117291B2BADFA96005EBD79 /* RecordListCollectionViewCell.swift */; };
		6117291E2BADFAD9005EBD79 /* RecordCardView.swift in Sources */ = {isa = PBXBuildFile; fileRef = 6117291D2BADFAD9005EBD79 /* RecordCardView.swift */; };
		61214F572B9F50D000C7D0B6 /* SelectCategoryCollectionHeaderView.swift in Sources */ = {isa = PBXBuildFile; fileRef = 61214F562B9F50D000C7D0B6 /* SelectCategoryCollectionHeaderView.swift */; };
		61214F5A2B9F50F800C7D0B6 /* ReuseProtocol.swift in Sources */ = {isa = PBXBuildFile; fileRef = 61214F592B9F50F800C7D0B6 /* ReuseProtocol.swift */; };
		61214F5C2B9F514F00C7D0B6 /* ViewProtocol.swift in Sources */ = {isa = PBXBuildFile; fileRef = 61214F5B2B9F514F00C7D0B6 /* ViewProtocol.swift */; };
		61214F5E2B9F52EF00C7D0B6 /* UILabel+Extension.swift in Sources */ = {isa = PBXBuildFile; fileRef = 61214F5D2B9F52EF00C7D0B6 /* UILabel+Extension.swift */; };
		61214F602B9F597D00C7D0B6 /* SelectCategoryCollectionViewCell.swift in Sources */ = {isa = PBXBuildFile; fileRef = 61214F5F2B9F597D00C7D0B6 /* SelectCategoryCollectionViewCell.swift */; };
		6126D2F32B9F15CB001F2303 /* SelectCategoryViewModel.swift in Sources */ = {isa = PBXBuildFile; fileRef = 6126D2F22B9F15CB001F2303 /* SelectCategoryViewModel.swift */; };
		6136F6E12BA71933004AD8D1 /* HistorySegmentedViewController.swift in Sources */ = {isa = PBXBuildFile; fileRef = 6136F6E02BA71933004AD8D1 /* HistorySegmentedViewController.swift */; };
		6141534A2BA48D8F0035D5C8 /* FileManager+Extension.swift in Sources */ = {isa = PBXBuildFile; fileRef = 614153492BA48D8F0035D5C8 /* FileManager+Extension.swift */; };
		6142585C2B9E903800F35521 /* MapViewModel.swift in Sources */ = {isa = PBXBuildFile; fileRef = 6142585B2B9E903800F35521 /* MapViewModel.swift */; };
		6142585E2B9E916D00F35521 /* Observable.swift in Sources */ = {isa = PBXBuildFile; fileRef = 6142585D2B9E916D00F35521 /* Observable.swift */; };
		614258642B9E93FF00F35521 /* SelectCategoryViewController.swift in Sources */ = {isa = PBXBuildFile; fileRef = 614258632B9E93FF00F35521 /* SelectCategoryViewController.swift */; };
		614258662B9E940D00F35521 /* AddCategoryViewController.swift in Sources */ = {isa = PBXBuildFile; fileRef = 614258652B9E940D00F35521 /* AddCategoryViewController.swift */; };
		614258682B9E943500F35521 /* AddCategoryView.swift in Sources */ = {isa = PBXBuildFile; fileRef = 614258672B9E943500F35521 /* AddCategoryView.swift */; };
		6142586A2B9E96AB00F35521 /* SelectCategoryView.swift in Sources */ = {isa = PBXBuildFile; fileRef = 614258692B9E96AA00F35521 /* SelectCategoryView.swift */; };
		618CB02F2B99D073005BC379 /* AppDelegate.swift in Sources */ = {isa = PBXBuildFile; fileRef = 618CB02E2B99D073005BC379 /* AppDelegate.swift */; };
		618CB0312B99D073005BC379 /* SceneDelegate.swift in Sources */ = {isa = PBXBuildFile; fileRef = 618CB0302B99D073005BC379 /* SceneDelegate.swift */; };
		618CB0382B99D075005BC379 /* Assets.xcassets in Resources */ = {isa = PBXBuildFile; fileRef = 618CB0372B99D075005BC379 /* Assets.xcassets */; };
		618CB03B2B99D075005BC379 /* LaunchScreen.storyboard in Resources */ = {isa = PBXBuildFile; fileRef = 618CB0392B99D075005BC379 /* LaunchScreen.storyboard */; };
		618CB0432B99D084005BC379 /* .gitignore in Resources */ = {isa = PBXBuildFile; fileRef = 618CB0422B99D084005BC379 /* .gitignore */; };
		618CB0582B99D2D0005BC379 /* Pretendard-Black.otf in Resources */ = {isa = PBXBuildFile; fileRef = 618CB04F2B99D2CF005BC379 /* Pretendard-Black.otf */; };
		618CB0592B99D2D0005BC379 /* Pretendard-Light.otf in Resources */ = {isa = PBXBuildFile; fileRef = 618CB0502B99D2CF005BC379 /* Pretendard-Light.otf */; };
		618CB05A2B99D2D0005BC379 /* Pretendard-Medium.otf in Resources */ = {isa = PBXBuildFile; fileRef = 618CB0512B99D2CF005BC379 /* Pretendard-Medium.otf */; };
		618CB05B2B99D2D0005BC379 /* Pretendard-Bold.otf in Resources */ = {isa = PBXBuildFile; fileRef = 618CB0522B99D2CF005BC379 /* Pretendard-Bold.otf */; };
		618CB05C2B99D2D0005BC379 /* Pretendard-ExtraBold.otf in Resources */ = {isa = PBXBuildFile; fileRef = 618CB0532B99D2CF005BC379 /* Pretendard-ExtraBold.otf */; };
		618CB05D2B99D2D0005BC379 /* Pretendard-Regular.otf in Resources */ = {isa = PBXBuildFile; fileRef = 618CB0542B99D2CF005BC379 /* Pretendard-Regular.otf */; };
		618CB05E2B99D2D0005BC379 /* Pretendard-Thin.otf in Resources */ = {isa = PBXBuildFile; fileRef = 618CB0552B99D2D0005BC379 /* Pretendard-Thin.otf */; };
		618CB05F2B99D2D0005BC379 /* Pretendard-SemiBold.otf in Resources */ = {isa = PBXBuildFile; fileRef = 618CB0562B99D2D0005BC379 /* Pretendard-SemiBold.otf */; };
		618CB0602B99D2D0005BC379 /* Pretendard-ExtraLight.otf in Resources */ = {isa = PBXBuildFile; fileRef = 618CB0572B99D2D0005BC379 /* Pretendard-ExtraLight.otf */; };
		618CB0622B99D337005BC379 /* UIFont+Pretendard.swift in Sources */ = {isa = PBXBuildFile; fileRef = 618CB0612B99D337005BC379 /* UIFont+Pretendard.swift */; };
		618CB0642B99D397005BC379 /* TabBarController.swift in Sources */ = {isa = PBXBuildFile; fileRef = 618CB0632B99D397005BC379 /* TabBarController.swift */; };
		618CB0662B99D3B3005BC379 /* TabItem.swift in Sources */ = {isa = PBXBuildFile; fileRef = 618CB0652B99D3B3005BC379 /* TabItem.swift */; };
		618CB06B2B99D548005BC379 /* MapViewController.swift in Sources */ = {isa = PBXBuildFile; fileRef = 618CB06A2B99D548005BC379 /* MapViewController.swift */; };
		618CB06D2B99D551005BC379 /* RecordListViewController.swift in Sources */ = {isa = PBXBuildFile; fileRef = 618CB06C2B99D551005BC379 /* RecordListViewController.swift */; };
		618CB06F2B99D55D005BC379 /* HistoryViewController.swift in Sources */ = {isa = PBXBuildFile; fileRef = 618CB06E2B99D55D005BC379 /* HistoryViewController.swift */; };
		618CB0722B99D58A005BC379 /* Colors.xcassets in Resources */ = {isa = PBXBuildFile; fileRef = 618CB0712B99D58A005BC379 /* Colors.xcassets */; };
		618CB0742B99D5B2005BC379 /* ColorStyle.swift in Sources */ = {isa = PBXBuildFile; fileRef = 618CB0732B99D5B2005BC379 /* ColorStyle.swift */; };
		618CB0762B99D5B8005BC379 /* ImageStyle.swift in Sources */ = {isa = PBXBuildFile; fileRef = 618CB0752B99D5B8005BC379 /* ImageStyle.swift */; };
		618CB0782B99D62C005BC379 /* BaseView.swift in Sources */ = {isa = PBXBuildFile; fileRef = 618CB0772B99D62C005BC379 /* BaseView.swift */; };
		618CB07A2B99D632005BC379 /* BaseViewController.swift in Sources */ = {isa = PBXBuildFile; fileRef = 618CB0792B99D632005BC379 /* BaseViewController.swift */; };
		618CB07C2B99D64A005BC379 /* MapView.swift in Sources */ = {isa = PBXBuildFile; fileRef = 618CB07B2B99D64A005BC379 /* MapView.swift */; };
		618CB07E2B99D675005BC379 /* RecordListView.swift in Sources */ = {isa = PBXBuildFile; fileRef = 618CB07D2B99D675005BC379 /* RecordListView.swift */; };
		618CB0802B99D688005BC379 /* HistoryView.swift in Sources */ = {isa = PBXBuildFile; fileRef = 618CB07F2B99D688005BC379 /* HistoryView.swift */; };
		618CB0822B99D6FE005BC379 /* APIKey.swift in Sources */ = {isa = PBXBuildFile; fileRef = 618CB0812B99D6FE005BC379 /* APIKey.swift */; };
		6190F80B2BAF2E200028596E /* GoogleService-Info.plist in Resources */ = {isa = PBXBuildFile; fileRef = 6190F80A2BAF2E200028596E /* GoogleService-Info.plist */; };
		619773352BA872F700A1F7B9 /* FormatterManager.swift in Sources */ = {isa = PBXBuildFile; fileRef = 619773342BA872F700A1F7B9 /* FormatterManager.swift */; };
		61B169D02BA4A50D00D6D63F /* MapRecordListViewController.swift in Sources */ = {isa = PBXBuildFile; fileRef = 61B169CF2BA4A50D00D6D63F /* MapRecordListViewController.swift */; };
		61B169D32BA5781100D6D63F /* MapRecordListView.swift in Sources */ = {isa = PBXBuildFile; fileRef = 61B169D22BA5781100D6D63F /* MapRecordListView.swift */; };
		61B169D52BA579D200D6D63F /* FloatingPanelController+Extension.swift in Sources */ = {isa = PBXBuildFile; fileRef = 61B169D42BA579D200D6D63F /* FloatingPanelController+Extension.swift */; };
		61B312B62BA71EFD000304CE /* CALayer+Extension.swift in Sources */ = {isa = PBXBuildFile; fileRef = 61B312B52BA71EFD000304CE /* CALayer+Extension.swift */; };
		61B312BD2BA72332000304CE /* MyRecordViewController.swift in Sources */ = {isa = PBXBuildFile; fileRef = 61B312BC2BA72332000304CE /* MyRecordViewController.swift */; };
		61B312BF2BA7233C000304CE /* ChartViewController.swift in Sources */ = {isa = PBXBuildFile; fileRef = 61B312BE2BA7233C000304CE /* ChartViewController.swift */; };
		61B312C12BA748B3000304CE /* ChartView.swift in Sources */ = {isa = PBXBuildFile; fileRef = 61B312C02BA748B3000304CE /* ChartView.swift */; };
		61B312C32BA748C5000304CE /* MyRecordView.swift in Sources */ = {isa = PBXBuildFile; fileRef = 61B312C22BA748C5000304CE /* MyRecordView.swift */; };
		61B312C62BA7615A000304CE /* RecordCollectionViewCell.swift in Sources */ = {isa = PBXBuildFile; fileRef = 61B312C52BA7615A000304CE /* RecordCollectionViewCell.swift */; };
		61B312C82BA76D44000304CE /* MyRecordViewModel.swift in Sources */ = {isa = PBXBuildFile; fileRef = 61B312C72BA76D44000304CE /* MyRecordViewModel.swift */; };
		61B312CA2BA770CC000304CE /* ChartViewModel.swift in Sources */ = {isa = PBXBuildFile; fileRef = 61B312C92BA770CC000304CE /* ChartViewModel.swift */; };
		61B312CC2BA85BF2000304CE /* Double+Extension.swift in Sources */ = {isa = PBXBuildFile; fileRef = 61B312CB2BA85BF2000304CE /* Double+Extension.swift */; };
		61D8E55D2B9F723E0080D167 /* UITextField+Extension.swift in Sources */ = {isa = PBXBuildFile; fileRef = 61D8E55C2B9F723E0080D167 /* UITextField+Extension.swift */; };
		61D8E5602B9F72970080D167 /* CustomTextField.swift in Sources */ = {isa = PBXBuildFile; fileRef = 61D8E55F2B9F72970080D167 /* CustomTextField.swift */; };
		61D8E5622B9F73150080D167 /* MapmoButton.swift in Sources */ = {isa = PBXBuildFile; fileRef = 61D8E5612B9F73150080D167 /* MapmoButton.swift */; };
		61D8E5652B9F75820080D167 /* SelectCategoryColorCollectionViewCell.swift in Sources */ = {isa = PBXBuildFile; fileRef = 61D8E5642B9F75820080D167 /* SelectCategoryColorCollectionViewCell.swift */; };
		61D8E5682B9F79D50080D167 /* CategoryColor.swift in Sources */ = {isa = PBXBuildFile; fileRef = 61D8E5672B9F79D50080D167 /* CategoryColor.swift */; };
		61D8E56A2B9F7AAC0080D167 /* AddCategoryViewModel.swift in Sources */ = {isa = PBXBuildFile; fileRef = 61D8E5692B9F7AAC0080D167 /* AddCategoryViewModel.swift */; };
		61D8E56D2B9F7FFA0080D167 /* CreateRecordViewController.swift in Sources */ = {isa = PBXBuildFile; fileRef = 61D8E56C2B9F7FFA0080D167 /* CreateRecordViewController.swift */; };
		61D8E56F2B9F80400080D167 /* CreateRecordView.swift in Sources */ = {isa = PBXBuildFile; fileRef = 61D8E56E2B9F803F0080D167 /* CreateRecordView.swift */; };
		61D8E5712B9FD7840080D167 /* Category.swift in Sources */ = {isa = PBXBuildFile; fileRef = 61D8E5702B9FD7840080D167 /* Category.swift */; };
		61D8E5732B9FDB110080D167 /* ValidationCategoryNameError.swift in Sources */ = {isa = PBXBuildFile; fileRef = 61D8E5722B9FDB110080D167 /* ValidationCategoryNameError.swift */; };
		61D8E5822BA01CFA0080D167 /* CategoryRepository.swift in Sources */ = {isa = PBXBuildFile; fileRef = 61D8E5812BA01CFA0080D167 /* CategoryRepository.swift */; };
		61D8E5842BA02B660080D167 /* CreateRecordViewModel.swift in Sources */ = {isa = PBXBuildFile; fileRef = 61D8E5832BA02B660080D167 /* CreateRecordViewModel.swift */; };
		61D8E5862BA032FD0080D167 /* InputRecordSection.swift in Sources */ = {isa = PBXBuildFile; fileRef = 61D8E5852BA032FD0080D167 /* InputRecordSection.swift */; };
		61D8E5892BA033B30080D167 /* AddPhotoCollectionViewCell.swift in Sources */ = {isa = PBXBuildFile; fileRef = 61D8E5882BA033B30080D167 /* AddPhotoCollectionViewCell.swift */; };
		61D8E58B2BA04B8E0080D167 /* InputPlaceCollectionViewCell.swift in Sources */ = {isa = PBXBuildFile; fileRef = 61D8E58A2BA04B8E0080D167 /* InputPlaceCollectionViewCell.swift */; };
		61D8E58D2BA050A60080D167 /* InputVisitedDateCollectionViewCell.swift in Sources */ = {isa = PBXBuildFile; fileRef = 61D8E58C2BA050A60080D167 /* InputVisitedDateCollectionViewCell.swift */; };
		61D8E58F2BA051260080D167 /* InputMemoCollectionViewCell.swift in Sources */ = {isa = PBXBuildFile; fileRef = 61D8E58E2BA051260080D167 /* InputMemoCollectionViewCell.swift */; };
		61D8E5912BA066560080D167 /* UIStackView+Extension.swift in Sources */ = {isa = PBXBuildFile; fileRef = 61D8E5902BA066560080D167 /* UIStackView+Extension.swift */; };
		61D8E5932BA076550080D167 /* PhotoCollectionViewCell.swift in Sources */ = {isa = PBXBuildFile; fileRef = 61D8E5922BA076550080D167 /* PhotoCollectionViewCell.swift */; };
		61D8E5982BA1F37D0080D167 /* SearchPlaceViewController.swift in Sources */ = {isa = PBXBuildFile; fileRef = 61D8E5972BA1F37D0080D167 /* SearchPlaceViewController.swift */; };
		61D8E59A2BA1F3A10080D167 /* SearchPlaceView.swift in Sources */ = {isa = PBXBuildFile; fileRef = 61D8E5992BA1F3A10080D167 /* SearchPlaceView.swift */; };
		61D8E59E2BA211AB0080D167 /* PlaceCollectionViewCell.swift in Sources */ = {isa = PBXBuildFile; fileRef = 61D8E59D2BA211AB0080D167 /* PlaceCollectionViewCell.swift */; };
		61D8E5A02BA213080080D167 /* NaverMapAPI.swift in Sources */ = {isa = PBXBuildFile; fileRef = 61D8E59F2BA213080080D167 /* NaverMapAPI.swift */; };
		61D8E5A22BA213120080D167 /* NaverMapAPIManager.swift in Sources */ = {isa = PBXBuildFile; fileRef = 61D8E5A12BA213120080D167 /* NaverMapAPIManager.swift */; };
		61D8E5A42BA213210080D167 /* SearchPlaceViewModel.swift in Sources */ = {isa = PBXBuildFile; fileRef = 61D8E5A32BA213210080D167 /* SearchPlaceViewModel.swift */; };
		61D8E5A62BA2145E0080D167 /* Place.swift in Sources */ = {isa = PBXBuildFile; fileRef = 61D8E5A52BA2145E0080D167 /* Place.swift */; };
		61D8E5A82BA2155A0080D167 /* NetworkError.swift in Sources */ = {isa = PBXBuildFile; fileRef = 61D8E5A72BA2155A0080D167 /* NetworkError.swift */; };
		61D8E5AC2BA2D89D0080D167 /* String+Extension.swift in Sources */ = {isa = PBXBuildFile; fileRef = 61D8E5AB2BA2D89D0080D167 /* String+Extension.swift */; };
		61D8E5AE2BA2DB5F0080D167 /* UIView+Extension.swift in Sources */ = {isa = PBXBuildFile; fileRef = 61D8E5AD2BA2DB5F0080D167 /* UIView+Extension.swift */; };
		61D8E5B02BA450280080D167 /* Record.swift in Sources */ = {isa = PBXBuildFile; fileRef = 61D8E5AF2BA450280080D167 /* Record.swift */; };
		61D8E5B22BA480360080D167 /* PlaceRepository.swift in Sources */ = {isa = PBXBuildFile; fileRef = 61D8E5B12BA480360080D167 /* PlaceRepository.swift */; };
		61D8E5B42BA484B80080D167 /* RecordRepository.swift in Sources */ = {isa = PBXBuildFile; fileRef = 61D8E5B32BA484B80080D167 /* RecordRepository.swift */; };
		DA6A4A6CA64332726B03C6F8 /* Pods_Mapmo.framework in Frameworks */ = {isa = PBXBuildFile; fileRef = 980F4D8B3D07F8E679D1D81B /* Pods_Mapmo.framework */; };
/* End PBXBuildFile section */

/* Begin PBXFileReference section */
		266404A7697C85E9C64645C6 /* Pods-Mapmo.release.xcconfig */ = {isa = PBXFileReference; includeInIndex = 1; lastKnownFileType = text.xcconfig; name = "Pods-Mapmo.release.xcconfig"; path = "Target Support Files/Pods-Mapmo/Pods-Mapmo.release.xcconfig"; sourceTree = "<group>"; };
		611728E72BA897FD005EBD79 /* CategoryRecordCountCollectionViewCell.swift */ = {isa = PBXFileReference; lastKnownFileType = sourcecode.swift; path = CategoryRecordCountCollectionViewCell.swift; sourceTree = "<group>"; };
		611728E92BA89819005EBD79 /* DateRecordCountCollectionViewCell.swift */ = {isa = PBXFileReference; lastKnownFileType = sourcecode.swift; path = DateRecordCountCollectionViewCell.swift; sourceTree = "<group>"; };
		611728EB2BA89826005EBD79 /* CategoryLikeCountCollectionViewCell.swift */ = {isa = PBXFileReference; lastKnownFileType = sourcecode.swift; path = CategoryLikeCountCollectionViewCell.swift; sourceTree = "<group>"; };
		611728EE2BA9120C005EBD79 /* DetailRecordViewController.swift */ = {isa = PBXFileReference; lastKnownFileType = sourcecode.swift; path = DetailRecordViewController.swift; sourceTree = "<group>"; };
		611728F02BA91241005EBD79 /* DetailRecordView.swift */ = {isa = PBXFileReference; lastKnownFileType = sourcecode.swift; path = DetailRecordView.swift; sourceTree = "<group>"; };
		611729002BA96158005EBD79 /* InfoView.swift */ = {isa = PBXFileReference; lastKnownFileType = sourcecode.swift; path = InfoView.swift; sourceTree = "<group>"; };
		611729022BA9734A005EBD79 /* MemoInfoView.swift */ = {isa = PBXFileReference; lastKnownFileType = sourcecode.swift; path = MemoInfoView.swift; sourceTree = "<group>"; };
		611729042BA976F2005EBD79 /* DetailRecordViewModel.swift */ = {isa = PBXFileReference; lastKnownFileType = sourcecode.swift; path = DetailRecordViewModel.swift; sourceTree = "<group>"; };
		611729062BA9E7B7005EBD79 /* PreviousVC.swift */ = {isa = PBXFileReference; lastKnownFileType = sourcecode.swift; path = PreviousVC.swift; sourceTree = "<group>"; };
		611729092BAB2229005EBD79 /* PassDataDelegate.swift */ = {isa = PBXFileReference; lastKnownFileType = sourcecode.swift; path = PassDataDelegate.swift; sourceTree = "<group>"; };
		6117290D2BAC2985005EBD79 /* MapRecordListViewModel.swift */ = {isa = PBXFileReference; lastKnownFileType = sourcecode.swift; path = MapRecordListViewModel.swift; sourceTree = "<group>"; };
		6117290F2BACA167005EBD79 /* RecordCollectionReusableView.swift */ = {isa = PBXFileReference; lastKnownFileType = sourcecode.swift; path = RecordCollectionReusableView.swift; sourceTree = "<group>"; };
		611729112BACAB2D005EBD79 /* UserDefaultManager.swift */ = {isa = PBXFileReference; lastKnownFileType = sourcecode.swift; path = UserDefaultManager.swift; sourceTree = "<group>"; };
		611729132BACABA7005EBD79 /* DefaultCategory.swift */ = {isa = PBXFileReference; lastKnownFileType = sourcecode.swift; path = DefaultCategory.swift; sourceTree = "<group>"; };
		611729162BADFA37005EBD79 /* RecordListViewModel.swift */ = {isa = PBXFileReference; lastKnownFileType = sourcecode.swift; path = RecordListViewModel.swift; sourceTree = "<group>"; };
		611729192BADFA8D005EBD79 /* RecordListCollectionReusableView.swift */ = {isa = PBXFileReference; lastKnownFileType = sourcecode.swift; path = RecordListCollectionReusableView.swift; sourceTree = "<group>"; };
		6117291B2BADFA96005EBD79 /* RecordListCollectionViewCell.swift */ = {isa = PBXFileReference; lastKnownFileType = sourcecode.swift; path = RecordListCollectionViewCell.swift; sourceTree = "<group>"; };
		6117291D2BADFAD9005EBD79 /* RecordCardView.swift */ = {isa = PBXFileReference; lastKnownFileType = sourcecode.swift; path = RecordCardView.swift; sourceTree = "<group>"; };
		61214F562B9F50D000C7D0B6 /* SelectCategoryCollectionHeaderView.swift */ = {isa = PBXFileReference; lastKnownFileType = sourcecode.swift; path = SelectCategoryCollectionHeaderView.swift; sourceTree = "<group>"; };
		61214F592B9F50F800C7D0B6 /* ReuseProtocol.swift */ = {isa = PBXFileReference; lastKnownFileType = sourcecode.swift; path = ReuseProtocol.swift; sourceTree = "<group>"; };
		61214F5B2B9F514F00C7D0B6 /* ViewProtocol.swift */ = {isa = PBXFileReference; lastKnownFileType = sourcecode.swift; path = ViewProtocol.swift; sourceTree = "<group>"; };
		61214F5D2B9F52EF00C7D0B6 /* UILabel+Extension.swift */ = {isa = PBXFileReference; lastKnownFileType = sourcecode.swift; path = "UILabel+Extension.swift"; sourceTree = "<group>"; };
		61214F5F2B9F597D00C7D0B6 /* SelectCategoryCollectionViewCell.swift */ = {isa = PBXFileReference; lastKnownFileType = sourcecode.swift; path = SelectCategoryCollectionViewCell.swift; sourceTree = "<group>"; };
		6126D2F22B9F15CB001F2303 /* SelectCategoryViewModel.swift */ = {isa = PBXFileReference; lastKnownFileType = sourcecode.swift; path = SelectCategoryViewModel.swift; sourceTree = "<group>"; };
		6136F6E02BA71933004AD8D1 /* HistorySegmentedViewController.swift */ = {isa = PBXFileReference; lastKnownFileType = sourcecode.swift; path = HistorySegmentedViewController.swift; sourceTree = "<group>"; };
		614153492BA48D8F0035D5C8 /* FileManager+Extension.swift */ = {isa = PBXFileReference; lastKnownFileType = sourcecode.swift; path = "FileManager+Extension.swift"; sourceTree = "<group>"; };
		6142585B2B9E903800F35521 /* MapViewModel.swift */ = {isa = PBXFileReference; lastKnownFileType = sourcecode.swift; path = MapViewModel.swift; sourceTree = "<group>"; };
		6142585D2B9E916D00F35521 /* Observable.swift */ = {isa = PBXFileReference; lastKnownFileType = sourcecode.swift; path = Observable.swift; sourceTree = "<group>"; };
		614258632B9E93FF00F35521 /* SelectCategoryViewController.swift */ = {isa = PBXFileReference; lastKnownFileType = sourcecode.swift; path = SelectCategoryViewController.swift; sourceTree = "<group>"; };
		614258652B9E940D00F35521 /* AddCategoryViewController.swift */ = {isa = PBXFileReference; lastKnownFileType = sourcecode.swift; path = AddCategoryViewController.swift; sourceTree = "<group>"; };
		614258672B9E943500F35521 /* AddCategoryView.swift */ = {isa = PBXFileReference; lastKnownFileType = sourcecode.swift; path = AddCategoryView.swift; sourceTree = "<group>"; };
		614258692B9E96AA00F35521 /* SelectCategoryView.swift */ = {isa = PBXFileReference; lastKnownFileType = sourcecode.swift; path = SelectCategoryView.swift; sourceTree = "<group>"; };
		618CB02B2B99D073005BC379 /* Mapmo.app */ = {isa = PBXFileReference; explicitFileType = wrapper.application; includeInIndex = 0; path = Mapmo.app; sourceTree = BUILT_PRODUCTS_DIR; };
		618CB02E2B99D073005BC379 /* AppDelegate.swift */ = {isa = PBXFileReference; lastKnownFileType = sourcecode.swift; path = AppDelegate.swift; sourceTree = "<group>"; };
		618CB0302B99D073005BC379 /* SceneDelegate.swift */ = {isa = PBXFileReference; lastKnownFileType = sourcecode.swift; path = SceneDelegate.swift; sourceTree = "<group>"; };
		618CB0372B99D075005BC379 /* Assets.xcassets */ = {isa = PBXFileReference; lastKnownFileType = folder.assetcatalog; path = Assets.xcassets; sourceTree = "<group>"; };
		618CB03A2B99D075005BC379 /* Base */ = {isa = PBXFileReference; lastKnownFileType = file.storyboard; name = Base; path = Base.lproj/LaunchScreen.storyboard; sourceTree = "<group>"; };
		618CB03C2B99D075005BC379 /* Info.plist */ = {isa = PBXFileReference; lastKnownFileType = text.plist.xml; path = Info.plist; sourceTree = "<group>"; };
		618CB0422B99D084005BC379 /* .gitignore */ = {isa = PBXFileReference; lastKnownFileType = text; path = .gitignore; sourceTree = "<group>"; };
		618CB04F2B99D2CF005BC379 /* Pretendard-Black.otf */ = {isa = PBXFileReference; lastKnownFileType = file; path = "Pretendard-Black.otf"; sourceTree = "<group>"; };
		618CB0502B99D2CF005BC379 /* Pretendard-Light.otf */ = {isa = PBXFileReference; lastKnownFileType = file; path = "Pretendard-Light.otf"; sourceTree = "<group>"; };
		618CB0512B99D2CF005BC379 /* Pretendard-Medium.otf */ = {isa = PBXFileReference; lastKnownFileType = file; path = "Pretendard-Medium.otf"; sourceTree = "<group>"; };
		618CB0522B99D2CF005BC379 /* Pretendard-Bold.otf */ = {isa = PBXFileReference; lastKnownFileType = file; path = "Pretendard-Bold.otf"; sourceTree = "<group>"; };
		618CB0532B99D2CF005BC379 /* Pretendard-ExtraBold.otf */ = {isa = PBXFileReference; lastKnownFileType = file; path = "Pretendard-ExtraBold.otf"; sourceTree = "<group>"; };
		618CB0542B99D2CF005BC379 /* Pretendard-Regular.otf */ = {isa = PBXFileReference; lastKnownFileType = file; path = "Pretendard-Regular.otf"; sourceTree = "<group>"; };
		618CB0552B99D2D0005BC379 /* Pretendard-Thin.otf */ = {isa = PBXFileReference; lastKnownFileType = file; path = "Pretendard-Thin.otf"; sourceTree = "<group>"; };
		618CB0562B99D2D0005BC379 /* Pretendard-SemiBold.otf */ = {isa = PBXFileReference; lastKnownFileType = file; path = "Pretendard-SemiBold.otf"; sourceTree = "<group>"; };
		618CB0572B99D2D0005BC379 /* Pretendard-ExtraLight.otf */ = {isa = PBXFileReference; lastKnownFileType = file; path = "Pretendard-ExtraLight.otf"; sourceTree = "<group>"; };
		618CB0612B99D337005BC379 /* UIFont+Pretendard.swift */ = {isa = PBXFileReference; lastKnownFileType = sourcecode.swift; path = "UIFont+Pretendard.swift"; sourceTree = "<group>"; };
		618CB0632B99D397005BC379 /* TabBarController.swift */ = {isa = PBXFileReference; lastKnownFileType = sourcecode.swift; path = TabBarController.swift; sourceTree = "<group>"; };
		618CB0652B99D3B3005BC379 /* TabItem.swift */ = {isa = PBXFileReference; lastKnownFileType = sourcecode.swift; path = TabItem.swift; sourceTree = "<group>"; };
		618CB06A2B99D548005BC379 /* MapViewController.swift */ = {isa = PBXFileReference; lastKnownFileType = sourcecode.swift; path = MapViewController.swift; sourceTree = "<group>"; };
		618CB06C2B99D551005BC379 /* RecordListViewController.swift */ = {isa = PBXFileReference; lastKnownFileType = sourcecode.swift; path = RecordListViewController.swift; sourceTree = "<group>"; };
		618CB06E2B99D55D005BC379 /* HistoryViewController.swift */ = {isa = PBXFileReference; lastKnownFileType = sourcecode.swift; path = HistoryViewController.swift; sourceTree = "<group>"; };
		618CB0712B99D58A005BC379 /* Colors.xcassets */ = {isa = PBXFileReference; lastKnownFileType = folder.assetcatalog; path = Colors.xcassets; sourceTree = "<group>"; };
		618CB0732B99D5B2005BC379 /* ColorStyle.swift */ = {isa = PBXFileReference; lastKnownFileType = sourcecode.swift; path = ColorStyle.swift; sourceTree = "<group>"; };
		618CB0752B99D5B8005BC379 /* ImageStyle.swift */ = {isa = PBXFileReference; lastKnownFileType = sourcecode.swift; path = ImageStyle.swift; sourceTree = "<group>"; };
		618CB0772B99D62C005BC379 /* BaseView.swift */ = {isa = PBXFileReference; lastKnownFileType = sourcecode.swift; path = BaseView.swift; sourceTree = "<group>"; };
		618CB0792B99D632005BC379 /* BaseViewController.swift */ = {isa = PBXFileReference; lastKnownFileType = sourcecode.swift; path = BaseViewController.swift; sourceTree = "<group>"; };
		618CB07B2B99D64A005BC379 /* MapView.swift */ = {isa = PBXFileReference; lastKnownFileType = sourcecode.swift; path = MapView.swift; sourceTree = "<group>"; };
		618CB07D2B99D675005BC379 /* RecordListView.swift */ = {isa = PBXFileReference; lastKnownFileType = sourcecode.swift; path = RecordListView.swift; sourceTree = "<group>"; };
		618CB07F2B99D688005BC379 /* HistoryView.swift */ = {isa = PBXFileReference; lastKnownFileType = sourcecode.swift; path = HistoryView.swift; sourceTree = "<group>"; };
		618CB0812B99D6FE005BC379 /* APIKey.swift */ = {isa = PBXFileReference; lastKnownFileType = sourcecode.swift; path = APIKey.swift; sourceTree = "<group>"; };
		6190F80A2BAF2E200028596E /* GoogleService-Info.plist */ = {isa = PBXFileReference; fileEncoding = 4; lastKnownFileType = text.plist.xml; path = "GoogleService-Info.plist"; sourceTree = "<group>"; };
		619773342BA872F700A1F7B9 /* FormatterManager.swift */ = {isa = PBXFileReference; lastKnownFileType = sourcecode.swift; path = FormatterManager.swift; sourceTree = "<group>"; };
		61B169CF2BA4A50D00D6D63F /* MapRecordListViewController.swift */ = {isa = PBXFileReference; lastKnownFileType = sourcecode.swift; path = MapRecordListViewController.swift; sourceTree = "<group>"; };
		61B169D22BA5781100D6D63F /* MapRecordListView.swift */ = {isa = PBXFileReference; lastKnownFileType = sourcecode.swift; path = MapRecordListView.swift; sourceTree = "<group>"; };
		61B169D42BA579D200D6D63F /* FloatingPanelController+Extension.swift */ = {isa = PBXFileReference; lastKnownFileType = sourcecode.swift; path = "FloatingPanelController+Extension.swift"; sourceTree = "<group>"; };
		61B312B52BA71EFD000304CE /* CALayer+Extension.swift */ = {isa = PBXFileReference; lastKnownFileType = sourcecode.swift; path = "CALayer+Extension.swift"; sourceTree = "<group>"; };
		61B312BC2BA72332000304CE /* MyRecordViewController.swift */ = {isa = PBXFileReference; lastKnownFileType = sourcecode.swift; path = MyRecordViewController.swift; sourceTree = "<group>"; };
		61B312BE2BA7233C000304CE /* ChartViewController.swift */ = {isa = PBXFileReference; lastKnownFileType = sourcecode.swift; path = ChartViewController.swift; sourceTree = "<group>"; };
		61B312C02BA748B3000304CE /* ChartView.swift */ = {isa = PBXFileReference; lastKnownFileType = sourcecode.swift; path = ChartView.swift; sourceTree = "<group>"; };
		61B312C22BA748C5000304CE /* MyRecordView.swift */ = {isa = PBXFileReference; lastKnownFileType = sourcecode.swift; path = MyRecordView.swift; sourceTree = "<group>"; };
		61B312C52BA7615A000304CE /* RecordCollectionViewCell.swift */ = {isa = PBXFileReference; lastKnownFileType = sourcecode.swift; path = RecordCollectionViewCell.swift; sourceTree = "<group>"; };
		61B312C72BA76D44000304CE /* MyRecordViewModel.swift */ = {isa = PBXFileReference; lastKnownFileType = sourcecode.swift; path = MyRecordViewModel.swift; sourceTree = "<group>"; };
		61B312C92BA770CC000304CE /* ChartViewModel.swift */ = {isa = PBXFileReference; lastKnownFileType = sourcecode.swift; path = ChartViewModel.swift; sourceTree = "<group>"; };
		61B312CB2BA85BF2000304CE /* Double+Extension.swift */ = {isa = PBXFileReference; lastKnownFileType = sourcecode.swift; path = "Double+Extension.swift"; sourceTree = "<group>"; };
		61D8E55C2B9F723E0080D167 /* UITextField+Extension.swift */ = {isa = PBXFileReference; lastKnownFileType = sourcecode.swift; path = "UITextField+Extension.swift"; sourceTree = "<group>"; };
		61D8E55F2B9F72970080D167 /* CustomTextField.swift */ = {isa = PBXFileReference; lastKnownFileType = sourcecode.swift; path = CustomTextField.swift; sourceTree = "<group>"; };
		61D8E5612B9F73150080D167 /* MapmoButton.swift */ = {isa = PBXFileReference; lastKnownFileType = sourcecode.swift; path = MapmoButton.swift; sourceTree = "<group>"; };
		61D8E5642B9F75820080D167 /* SelectCategoryColorCollectionViewCell.swift */ = {isa = PBXFileReference; lastKnownFileType = sourcecode.swift; path = SelectCategoryColorCollectionViewCell.swift; sourceTree = "<group>"; };
		61D8E5672B9F79D50080D167 /* CategoryColor.swift */ = {isa = PBXFileReference; lastKnownFileType = sourcecode.swift; path = CategoryColor.swift; sourceTree = "<group>"; };
		61D8E5692B9F7AAC0080D167 /* AddCategoryViewModel.swift */ = {isa = PBXFileReference; lastKnownFileType = sourcecode.swift; path = AddCategoryViewModel.swift; sourceTree = "<group>"; };
		61D8E56C2B9F7FFA0080D167 /* CreateRecordViewController.swift */ = {isa = PBXFileReference; lastKnownFileType = sourcecode.swift; path = CreateRecordViewController.swift; sourceTree = "<group>"; };
		61D8E56E2B9F803F0080D167 /* CreateRecordView.swift */ = {isa = PBXFileReference; lastKnownFileType = sourcecode.swift; path = CreateRecordView.swift; sourceTree = "<group>"; };
		61D8E5702B9FD7840080D167 /* Category.swift */ = {isa = PBXFileReference; lastKnownFileType = sourcecode.swift; path = Category.swift; sourceTree = "<group>"; };
		61D8E5722B9FDB110080D167 /* ValidationCategoryNameError.swift */ = {isa = PBXFileReference; lastKnownFileType = sourcecode.swift; path = ValidationCategoryNameError.swift; sourceTree = "<group>"; };
		61D8E5812BA01CFA0080D167 /* CategoryRepository.swift */ = {isa = PBXFileReference; lastKnownFileType = sourcecode.swift; path = CategoryRepository.swift; sourceTree = "<group>"; };
		61D8E5832BA02B660080D167 /* CreateRecordViewModel.swift */ = {isa = PBXFileReference; lastKnownFileType = sourcecode.swift; path = CreateRecordViewModel.swift; sourceTree = "<group>"; };
		61D8E5852BA032FD0080D167 /* InputRecordSection.swift */ = {isa = PBXFileReference; lastKnownFileType = sourcecode.swift; path = InputRecordSection.swift; sourceTree = "<group>"; };
		61D8E5882BA033B30080D167 /* AddPhotoCollectionViewCell.swift */ = {isa = PBXFileReference; lastKnownFileType = sourcecode.swift; path = AddPhotoCollectionViewCell.swift; sourceTree = "<group>"; };
		61D8E58A2BA04B8E0080D167 /* InputPlaceCollectionViewCell.swift */ = {isa = PBXFileReference; lastKnownFileType = sourcecode.swift; path = InputPlaceCollectionViewCell.swift; sourceTree = "<group>"; };
		61D8E58C2BA050A60080D167 /* InputVisitedDateCollectionViewCell.swift */ = {isa = PBXFileReference; lastKnownFileType = sourcecode.swift; path = InputVisitedDateCollectionViewCell.swift; sourceTree = "<group>"; };
		61D8E58E2BA051260080D167 /* InputMemoCollectionViewCell.swift */ = {isa = PBXFileReference; lastKnownFileType = sourcecode.swift; path = InputMemoCollectionViewCell.swift; sourceTree = "<group>"; };
		61D8E5902BA066560080D167 /* UIStackView+Extension.swift */ = {isa = PBXFileReference; lastKnownFileType = sourcecode.swift; path = "UIStackView+Extension.swift"; sourceTree = "<group>"; };
		61D8E5922BA076550080D167 /* PhotoCollectionViewCell.swift */ = {isa = PBXFileReference; lastKnownFileType = sourcecode.swift; path = PhotoCollectionViewCell.swift; sourceTree = "<group>"; };
		61D8E5972BA1F37D0080D167 /* SearchPlaceViewController.swift */ = {isa = PBXFileReference; lastKnownFileType = sourcecode.swift; path = SearchPlaceViewController.swift; sourceTree = "<group>"; };
		61D8E5992BA1F3A10080D167 /* SearchPlaceView.swift */ = {isa = PBXFileReference; lastKnownFileType = sourcecode.swift; path = SearchPlaceView.swift; sourceTree = "<group>"; };
		61D8E59D2BA211AB0080D167 /* PlaceCollectionViewCell.swift */ = {isa = PBXFileReference; lastKnownFileType = sourcecode.swift; path = PlaceCollectionViewCell.swift; sourceTree = "<group>"; };
		61D8E59F2BA213080080D167 /* NaverMapAPI.swift */ = {isa = PBXFileReference; lastKnownFileType = sourcecode.swift; path = NaverMapAPI.swift; sourceTree = "<group>"; };
		61D8E5A12BA213120080D167 /* NaverMapAPIManager.swift */ = {isa = PBXFileReference; lastKnownFileType = sourcecode.swift; path = NaverMapAPIManager.swift; sourceTree = "<group>"; };
		61D8E5A32BA213210080D167 /* SearchPlaceViewModel.swift */ = {isa = PBXFileReference; lastKnownFileType = sourcecode.swift; path = SearchPlaceViewModel.swift; sourceTree = "<group>"; };
		61D8E5A52BA2145E0080D167 /* Place.swift */ = {isa = PBXFileReference; lastKnownFileType = sourcecode.swift; path = Place.swift; sourceTree = "<group>"; };
		61D8E5A72BA2155A0080D167 /* NetworkError.swift */ = {isa = PBXFileReference; lastKnownFileType = sourcecode.swift; path = NetworkError.swift; sourceTree = "<group>"; };
		61D8E5AB2BA2D89D0080D167 /* String+Extension.swift */ = {isa = PBXFileReference; lastKnownFileType = sourcecode.swift; path = "String+Extension.swift"; sourceTree = "<group>"; };
		61D8E5AD2BA2DB5F0080D167 /* UIView+Extension.swift */ = {isa = PBXFileReference; lastKnownFileType = sourcecode.swift; path = "UIView+Extension.swift"; sourceTree = "<group>"; };
		61D8E5AF2BA450280080D167 /* Record.swift */ = {isa = PBXFileReference; lastKnownFileType = sourcecode.swift; path = Record.swift; sourceTree = "<group>"; };
		61D8E5B12BA480360080D167 /* PlaceRepository.swift */ = {isa = PBXFileReference; lastKnownFileType = sourcecode.swift; path = PlaceRepository.swift; sourceTree = "<group>"; };
		61D8E5B32BA484B80080D167 /* RecordRepository.swift */ = {isa = PBXFileReference; lastKnownFileType = sourcecode.swift; path = RecordRepository.swift; sourceTree = "<group>"; };
		89A1130BA0DEA3EB97F2373A /* Pods-Mapmo.debug.xcconfig */ = {isa = PBXFileReference; includeInIndex = 1; lastKnownFileType = text.xcconfig; name = "Pods-Mapmo.debug.xcconfig"; path = "Target Support Files/Pods-Mapmo/Pods-Mapmo.debug.xcconfig"; sourceTree = "<group>"; };
		980F4D8B3D07F8E679D1D81B /* Pods_Mapmo.framework */ = {isa = PBXFileReference; explicitFileType = wrapper.framework; includeInIndex = 0; path = Pods_Mapmo.framework; sourceTree = BUILT_PRODUCTS_DIR; };
/* End PBXFileReference section */

/* Begin PBXFrameworksBuildPhase section */
		618CB0282B99D073005BC379 /* Frameworks */ = {
			isa = PBXFrameworksBuildPhase;
			buildActionMask = 2147483647;
			files = (
				DA6A4A6CA64332726B03C6F8 /* Pods_Mapmo.framework in Frameworks */,
			);
			runOnlyForDeploymentPostprocessing = 0;
		};
/* End PBXFrameworksBuildPhase section */

/* Begin PBXGroup section */
		447A6969DA3621F3D2AAA17E /* Frameworks */ = {
			isa = PBXGroup;
			children = (
				980F4D8B3D07F8E679D1D81B /* Pods_Mapmo.framework */,
			);
			name = Frameworks;
			sourceTree = "<group>";
		};
		611728E62BA897DC005EBD79 /* Chart */ = {
			isa = PBXGroup;
			children = (
				611728E72BA897FD005EBD79 /* CategoryRecordCountCollectionViewCell.swift */,
				611728E92BA89819005EBD79 /* DateRecordCountCollectionViewCell.swift */,
				611728EB2BA89826005EBD79 /* CategoryLikeCountCollectionViewCell.swift */,
			);
			path = Chart;
			sourceTree = "<group>";
		};
		611728ED2BA911F3005EBD79 /* DetailRecord */ = {
			isa = PBXGroup;
			children = (
				611728EE2BA9120C005EBD79 /* DetailRecordViewController.swift */,
				611728F02BA91241005EBD79 /* DetailRecordView.swift */,
				611729042BA976F2005EBD79 /* DetailRecordViewModel.swift */,
			);
			path = DetailRecord;
			sourceTree = "<group>";
		};
		611729182BADFA75005EBD79 /* RecordList */ = {
			isa = PBXGroup;
			children = (
				611729192BADFA8D005EBD79 /* RecordListCollectionReusableView.swift */,
				6117291B2BADFA96005EBD79 /* RecordListCollectionViewCell.swift */,
			);
			path = RecordList;
			sourceTree = "<group>";
		};
		61214F552B9F50A500C7D0B6 /* Cell */ = {
			isa = PBXGroup;
			children = (
				611729182BADFA75005EBD79 /* RecordList */,
				611728E62BA897DC005EBD79 /* Chart */,
				61B312C42BA76140000304CE /* MyRecord */,
				61D8E5872BA033970080D167 /* CreateRecord */,
				61D8E5632B9F75710080D167 /* AddCategory */,
				61D8E55B2B9F6EA60080D167 /* SelectCategory */,
			);
			path = Cell;
			sourceTree = "<group>";
		};
		61214F582B9F50E500C7D0B6 /* Protocol */ = {
			isa = PBXGroup;
			children = (
				61214F592B9F50F800C7D0B6 /* ReuseProtocol.swift */,
				61214F5B2B9F514F00C7D0B6 /* ViewProtocol.swift */,
				611729092BAB2229005EBD79 /* PassDataDelegate.swift */,
			);
			path = Protocol;
			sourceTree = "<group>";
		};
		6126D2F02B9F159A001F2303 /* SelectCategory */ = {
			isa = PBXGroup;
			children = (
				614258632B9E93FF00F35521 /* SelectCategoryViewController.swift */,
				614258692B9E96AA00F35521 /* SelectCategoryView.swift */,
				6126D2F22B9F15CB001F2303 /* SelectCategoryViewModel.swift */,
			);
			path = SelectCategory;
			sourceTree = "<group>";
		};
		6126D2F12B9F15A2001F2303 /* AddCategory */ = {
			isa = PBXGroup;
			children = (
				614258652B9E940D00F35521 /* AddCategoryViewController.swift */,
				614258672B9E943500F35521 /* AddCategoryView.swift */,
				61D8E5692B9F7AAC0080D167 /* AddCategoryViewModel.swift */,
			);
			path = AddCategory;
			sourceTree = "<group>";
		};
		614258622B9E938600F35521 /* Record */ = {
			isa = PBXGroup;
			children = (
				611728ED2BA911F3005EBD79 /* DetailRecord */,
				61D8E56B2B9F7FE60080D167 /* CreateRecord */,
				6126D2F12B9F15A2001F2303 /* AddCategory */,
				6126D2F02B9F159A001F2303 /* SelectCategory */,
			);
			path = Record;
			sourceTree = "<group>";
		};
		618CB0222B99D073005BC379 = {
			isa = PBXGroup;
			children = (
				618CB0422B99D084005BC379 /* .gitignore */,
				618CB02D2B99D073005BC379 /* Mapmo */,
				618CB02C2B99D073005BC379 /* Products */,
				875C62DC5E3D3C1EC1FE7A70 /* Pods */,
				447A6969DA3621F3D2AAA17E /* Frameworks */,
			);
			sourceTree = "<group>";
		};
		618CB02C2B99D073005BC379 /* Products */ = {
			isa = PBXGroup;
			children = (
				618CB02B2B99D073005BC379 /* Mapmo.app */,
			);
			name = Products;
			sourceTree = "<group>";
		};
		618CB02D2B99D073005BC379 /* Mapmo */ = {
			isa = PBXGroup;
			children = (
				6190F80A2BAF2E200028596E /* GoogleService-Info.plist */,
				618CB0442B99D13A005BC379 /* Util */,
				618CB0482B99D14F005BC379 /* Application */,
				618CB0492B99D166005BC379 /* Model */,
				618CB04A2B99D16C005BC379 /* Network */,
				618CB04B2B99D173005BC379 /* Repository */,
				61214F552B9F50A500C7D0B6 /* Cell */,
				618CB04C2B99D17C005BC379 /* Scene */,
				618CB04D2B99D19C005BC379 /* Resources */,
				618CB03C2B99D075005BC379 /* Info.plist */,
				618CB0812B99D6FE005BC379 /* APIKey.swift */,
			);
			path = Mapmo;
			sourceTree = "<group>";
		};
		618CB0442B99D13A005BC379 /* Util */ = {
			isa = PBXGroup;
			children = (
				619773332BA872E900A1F7B9 /* Constants */,
				61D8E55E2B9F72780080D167 /* CustomView */,
				61214F582B9F50E500C7D0B6 /* Protocol */,
				618CB0472B99D148005BC379 /* Extensions */,
				618CB0462B99D143005BC379 /* Enum */,
				618CB0452B99D140005BC379 /* Base */,
				6142585D2B9E916D00F35521 /* Observable.swift */,
			);
			path = Util;
			sourceTree = "<group>";
		};
		618CB0452B99D140005BC379 /* Base */ = {
			isa = PBXGroup;
			children = (
				618CB0772B99D62C005BC379 /* BaseView.swift */,
				618CB0792B99D632005BC379 /* BaseViewController.swift */,
			);
			path = Base;
			sourceTree = "<group>";
		};
		618CB0462B99D143005BC379 /* Enum */ = {
			isa = PBXGroup;
			children = (
				618CB0652B99D3B3005BC379 /* TabItem.swift */,
				618CB0732B99D5B2005BC379 /* ColorStyle.swift */,
				618CB0752B99D5B8005BC379 /* ImageStyle.swift */,
				61D8E5672B9F79D50080D167 /* CategoryColor.swift */,
				61D8E5722B9FDB110080D167 /* ValidationCategoryNameError.swift */,
				61D8E5852BA032FD0080D167 /* InputRecordSection.swift */,
				61D8E5A72BA2155A0080D167 /* NetworkError.swift */,
				611729062BA9E7B7005EBD79 /* PreviousVC.swift */,
				611729132BACABA7005EBD79 /* DefaultCategory.swift */,
			);
			path = Enum;
			sourceTree = "<group>";
		};
		618CB0472B99D148005BC379 /* Extensions */ = {
			isa = PBXGroup;
			children = (
				618CB0612B99D337005BC379 /* UIFont+Pretendard.swift */,
				61214F5D2B9F52EF00C7D0B6 /* UILabel+Extension.swift */,
				61D8E55C2B9F723E0080D167 /* UITextField+Extension.swift */,
				61D8E5902BA066560080D167 /* UIStackView+Extension.swift */,
				61D8E5AB2BA2D89D0080D167 /* String+Extension.swift */,
				61D8E5AD2BA2DB5F0080D167 /* UIView+Extension.swift */,
				61B169D42BA579D200D6D63F /* FloatingPanelController+Extension.swift */,
				61B312B52BA71EFD000304CE /* CALayer+Extension.swift */,
				61B312CB2BA85BF2000304CE /* Double+Extension.swift */,
			);
			path = Extensions;
			sourceTree = "<group>";
		};
		618CB0482B99D14F005BC379 /* Application */ = {
			isa = PBXGroup;
			children = (
				618CB02E2B99D073005BC379 /* AppDelegate.swift */,
				618CB0302B99D073005BC379 /* SceneDelegate.swift */,
			);
			path = Application;
			sourceTree = "<group>";
		};
		618CB0492B99D166005BC379 /* Model */ = {
			isa = PBXGroup;
			children = (
				61D8E5702B9FD7840080D167 /* Category.swift */,
				61D8E5A52BA2145E0080D167 /* Place.swift */,
				61D8E5AF2BA450280080D167 /* Record.swift */,
			);
			path = Model;
			sourceTree = "<group>";
		};
		618CB04A2B99D16C005BC379 /* Network */ = {
			isa = PBXGroup;
			children = (
				61D8E59F2BA213080080D167 /* NaverMapAPI.swift */,
				61D8E5A12BA213120080D167 /* NaverMapAPIManager.swift */,
			);
			path = Network;
			sourceTree = "<group>";
		};
		618CB04B2B99D173005BC379 /* Repository */ = {
			isa = PBXGroup;
			children = (
				61D8E5812BA01CFA0080D167 /* CategoryRepository.swift */,
				61D8E5B12BA480360080D167 /* PlaceRepository.swift */,
				61D8E5B32BA484B80080D167 /* RecordRepository.swift */,
			);
			path = Repository;
			sourceTree = "<group>";
		};
		618CB04C2B99D17C005BC379 /* Scene */ = {
			isa = PBXGroup;
			children = (
				614258622B9E938600F35521 /* Record */,
				618CB0672B99D51C005BC379 /* Map */,
				618CB0682B99D525005BC379 /* RecordList */,
				618CB0692B99D52B005BC379 /* History */,
				618CB0632B99D397005BC379 /* TabBarController.swift */,
			);
			path = Scene;
			sourceTree = "<group>";
		};
		618CB04D2B99D19C005BC379 /* Resources */ = {
			isa = PBXGroup;
			children = (
				618CB04E2B99D1AB005BC379 /* Fonts */,
				618CB0372B99D075005BC379 /* Assets.xcassets */,
				618CB0392B99D075005BC379 /* LaunchScreen.storyboard */,
				618CB0712B99D58A005BC379 /* Colors.xcassets */,
			);
			path = Resources;
			sourceTree = "<group>";
		};
		618CB04E2B99D1AB005BC379 /* Fonts */ = {
			isa = PBXGroup;
			children = (
				618CB04F2B99D2CF005BC379 /* Pretendard-Black.otf */,
				618CB0522B99D2CF005BC379 /* Pretendard-Bold.otf */,
				618CB0532B99D2CF005BC379 /* Pretendard-ExtraBold.otf */,
				618CB0572B99D2D0005BC379 /* Pretendard-ExtraLight.otf */,
				618CB0502B99D2CF005BC379 /* Pretendard-Light.otf */,
				618CB0512B99D2CF005BC379 /* Pretendard-Medium.otf */,
				618CB0542B99D2CF005BC379 /* Pretendard-Regular.otf */,
				618CB0562B99D2D0005BC379 /* Pretendard-SemiBold.otf */,
				618CB0552B99D2D0005BC379 /* Pretendard-Thin.otf */,
			);
			path = Fonts;
			sourceTree = "<group>";
		};
		618CB0672B99D51C005BC379 /* Map */ = {
			isa = PBXGroup;
			children = (
				61B169D12BA577F200D6D63F /* MapRecordList */,
				618CB06A2B99D548005BC379 /* MapViewController.swift */,
				618CB07B2B99D64A005BC379 /* MapView.swift */,
				6142585B2B9E903800F35521 /* MapViewModel.swift */,
			);
			path = Map;
			sourceTree = "<group>";
		};
		618CB0682B99D525005BC379 /* RecordList */ = {
			isa = PBXGroup;
			children = (
				618CB06C2B99D551005BC379 /* RecordListViewController.swift */,
				618CB07D2B99D675005BC379 /* RecordListView.swift */,
				611729162BADFA37005EBD79 /* RecordListViewModel.swift */,
			);
			path = RecordList;
			sourceTree = "<group>";
		};
		618CB0692B99D52B005BC379 /* History */ = {
			isa = PBXGroup;
			children = (
				61B312BB2BA72325000304CE /* Chart */,
				61B312BA2BA7231F000304CE /* MyRecord */,
				61B312B72BA71F85000304CE /* Segment */,
				618CB06E2B99D55D005BC379 /* HistoryViewController.swift */,
				618CB07F2B99D688005BC379 /* HistoryView.swift */,
			);
			path = History;
			sourceTree = "<group>";
		};
		619773332BA872E900A1F7B9 /* Constants */ = {
			isa = PBXGroup;
			children = (
				614153492BA48D8F0035D5C8 /* FileManager+Extension.swift */,
				619773342BA872F700A1F7B9 /* FormatterManager.swift */,
				611729112BACAB2D005EBD79 /* UserDefaultManager.swift */,
			);
			path = Constants;
			sourceTree = "<group>";
		};
		61B169D12BA577F200D6D63F /* MapRecordList */ = {
			isa = PBXGroup;
			children = (
				61B169CF2BA4A50D00D6D63F /* MapRecordListViewController.swift */,
				61B169D22BA5781100D6D63F /* MapRecordListView.swift */,
				6117290D2BAC2985005EBD79 /* MapRecordListViewModel.swift */,
			);
			path = MapRecordList;
			sourceTree = "<group>";
		};
		61B312B72BA71F85000304CE /* Segment */ = {
			isa = PBXGroup;
			children = (
				6136F6E02BA71933004AD8D1 /* HistorySegmentedViewController.swift */,
			);
			path = Segment;
			sourceTree = "<group>";
		};
		61B312BA2BA7231F000304CE /* MyRecord */ = {
			isa = PBXGroup;
			children = (
				61B312BC2BA72332000304CE /* MyRecordViewController.swift */,
				61B312C22BA748C5000304CE /* MyRecordView.swift */,
				61B312C72BA76D44000304CE /* MyRecordViewModel.swift */,
			);
			path = MyRecord;
			sourceTree = "<group>";
		};
		61B312BB2BA72325000304CE /* Chart */ = {
			isa = PBXGroup;
			children = (
				61B312BE2BA7233C000304CE /* ChartViewController.swift */,
				61B312C02BA748B3000304CE /* ChartView.swift */,
				61B312C92BA770CC000304CE /* ChartViewModel.swift */,
			);
			path = Chart;
			sourceTree = "<group>";
		};
		61B312C42BA76140000304CE /* MyRecord */ = {
			isa = PBXGroup;
			children = (
				61B312C52BA7615A000304CE /* RecordCollectionViewCell.swift */,
				6117290F2BACA167005EBD79 /* RecordCollectionReusableView.swift */,
			);
			path = MyRecord;
			sourceTree = "<group>";
		};
		61D8E55B2B9F6EA60080D167 /* SelectCategory */ = {
			isa = PBXGroup;
			children = (
				61214F562B9F50D000C7D0B6 /* SelectCategoryCollectionHeaderView.swift */,
				61214F5F2B9F597D00C7D0B6 /* SelectCategoryCollectionViewCell.swift */,
			);
			path = SelectCategory;
			sourceTree = "<group>";
		};
		61D8E55E2B9F72780080D167 /* CustomView */ = {
			isa = PBXGroup;
			children = (
				61D8E55F2B9F72970080D167 /* CustomTextField.swift */,
				61D8E5612B9F73150080D167 /* MapmoButton.swift */,
				611729002BA96158005EBD79 /* InfoView.swift */,
				611729022BA9734A005EBD79 /* MemoInfoView.swift */,
				6117291D2BADFAD9005EBD79 /* RecordCardView.swift */,
			);
			path = CustomView;
			sourceTree = "<group>";
		};
		61D8E5632B9F75710080D167 /* AddCategory */ = {
			isa = PBXGroup;
			children = (
				61D8E5642B9F75820080D167 /* SelectCategoryColorCollectionViewCell.swift */,
			);
			path = AddCategory;
			sourceTree = "<group>";
		};
		61D8E56B2B9F7FE60080D167 /* CreateRecord */ = {
			isa = PBXGroup;
			children = (
				61D8E59B2BA1F3B10080D167 /* SearchPlace */,
				61D8E56C2B9F7FFA0080D167 /* CreateRecordViewController.swift */,
				61D8E56E2B9F803F0080D167 /* CreateRecordView.swift */,
				61D8E5832BA02B660080D167 /* CreateRecordViewModel.swift */,
			);
			path = CreateRecord;
			sourceTree = "<group>";
		};
		61D8E5872BA033970080D167 /* CreateRecord */ = {
			isa = PBXGroup;
			children = (
				61D8E59C2BA2119A0080D167 /* SearchPlace */,
				61D8E5882BA033B30080D167 /* AddPhotoCollectionViewCell.swift */,
				61D8E58A2BA04B8E0080D167 /* InputPlaceCollectionViewCell.swift */,
				61D8E58C2BA050A60080D167 /* InputVisitedDateCollectionViewCell.swift */,
				61D8E58E2BA051260080D167 /* InputMemoCollectionViewCell.swift */,
				61D8E5922BA076550080D167 /* PhotoCollectionViewCell.swift */,
			);
			path = CreateRecord;
			sourceTree = "<group>";
		};
		61D8E59B2BA1F3B10080D167 /* SearchPlace */ = {
			isa = PBXGroup;
			children = (
				61D8E5972BA1F37D0080D167 /* SearchPlaceViewController.swift */,
				61D8E5992BA1F3A10080D167 /* SearchPlaceView.swift */,
				61D8E5A32BA213210080D167 /* SearchPlaceViewModel.swift */,
			);
			path = SearchPlace;
			sourceTree = "<group>";
		};
		61D8E59C2BA2119A0080D167 /* SearchPlace */ = {
			isa = PBXGroup;
			children = (
				61D8E59D2BA211AB0080D167 /* PlaceCollectionViewCell.swift */,
			);
			name = SearchPlace;
			sourceTree = "<group>";
		};
		875C62DC5E3D3C1EC1FE7A70 /* Pods */ = {
			isa = PBXGroup;
			children = (
				89A1130BA0DEA3EB97F2373A /* Pods-Mapmo.debug.xcconfig */,
				266404A7697C85E9C64645C6 /* Pods-Mapmo.release.xcconfig */,
			);
			path = Pods;
			sourceTree = "<group>";
		};
/* End PBXGroup section */

/* Begin PBXNativeTarget section */
		618CB02A2B99D073005BC379 /* Mapmo */ = {
			isa = PBXNativeTarget;
			buildConfigurationList = 618CB03F2B99D075005BC379 /* Build configuration list for PBXNativeTarget "Mapmo" */;
			buildPhases = (
				85158EBE66D9C053256DE78B /* [CP] Check Pods Manifest.lock */,
				618CB0272B99D073005BC379 /* Sources */,
				618CB0282B99D073005BC379 /* Frameworks */,
				618CB0292B99D073005BC379 /* Resources */,
				736C3896BF68367391F0CDBB /* [CP] Embed Pods Frameworks */,
				6190F80C2BAF301B0028596E /* ShellScript */,
			);
			buildRules = (
			);
			dependencies = (
			);
			name = Mapmo;
			productName = Mapmo;
			productReference = 618CB02B2B99D073005BC379 /* Mapmo.app */;
			productType = "com.apple.product-type.application";
		};
/* End PBXNativeTarget section */

/* Begin PBXProject section */
		618CB0232B99D073005BC379 /* Project object */ = {
			isa = PBXProject;
			attributes = {
				BuildIndependentTargetsInParallel = 1;
				LastSwiftUpdateCheck = 1510;
				LastUpgradeCheck = 1510;
				TargetAttributes = {
					618CB02A2B99D073005BC379 = {
						CreatedOnToolsVersion = 15.1;
					};
				};
			};
			buildConfigurationList = 618CB0262B99D073005BC379 /* Build configuration list for PBXProject "Mapmo" */;
			compatibilityVersion = "Xcode 14.0";
			developmentRegion = en;
			hasScannedForEncodings = 0;
			knownRegions = (
				en,
				Base,
			);
			mainGroup = 618CB0222B99D073005BC379;
			productRefGroup = 618CB02C2B99D073005BC379 /* Products */;
			projectDirPath = "";
			projectRoot = "";
			targets = (
				618CB02A2B99D073005BC379 /* Mapmo */,
			);
		};
/* End PBXProject section */

/* Begin PBXResourcesBuildPhase section */
		618CB0292B99D073005BC379 /* Resources */ = {
			isa = PBXResourcesBuildPhase;
			buildActionMask = 2147483647;
			files = (
				618CB05F2B99D2D0005BC379 /* Pretendard-SemiBold.otf in Resources */,
				618CB0432B99D084005BC379 /* .gitignore in Resources */,
				618CB0722B99D58A005BC379 /* Colors.xcassets in Resources */,
				618CB05E2B99D2D0005BC379 /* Pretendard-Thin.otf in Resources */,
				618CB03B2B99D075005BC379 /* LaunchScreen.storyboard in Resources */,
				618CB05C2B99D2D0005BC379 /* Pretendard-ExtraBold.otf in Resources */,
				618CB05B2B99D2D0005BC379 /* Pretendard-Bold.otf in Resources */,
				618CB0602B99D2D0005BC379 /* Pretendard-ExtraLight.otf in Resources */,
				618CB05D2B99D2D0005BC379 /* Pretendard-Regular.otf in Resources */,
				618CB0582B99D2D0005BC379 /* Pretendard-Black.otf in Resources */,
				618CB0592B99D2D0005BC379 /* Pretendard-Light.otf in Resources */,
				618CB0382B99D075005BC379 /* Assets.xcassets in Resources */,
				618CB05A2B99D2D0005BC379 /* Pretendard-Medium.otf in Resources */,
				6190F80B2BAF2E200028596E /* GoogleService-Info.plist in Resources */,
			);
			runOnlyForDeploymentPostprocessing = 0;
		};
/* End PBXResourcesBuildPhase section */

/* Begin PBXShellScriptBuildPhase section */
		6190F80C2BAF301B0028596E /* ShellScript */ = {
			isa = PBXShellScriptBuildPhase;
			buildActionMask = 2147483647;
			files = (
			);
			inputFileListPaths = (
			);
			inputPaths = (
				"${DWARF_DSYM_FOLDER_PATH}/${DWARF_DSYM_FILE_NAME}",
				"${DWARF_DSYM_FOLDER_PATH}/${DWARF_DSYM_FILE_NAME}",
				"${DWARF_DSYM_FOLDER_PATH}/${DWARF_DSYM_FILE_NAME}",
				"$(TARGET_BUILD_DIR)/$(UNLOCALIZED_RESOURCES_FOLDER_PATH)/GoogleService-Info.plist",
				"$(TARGET_BUILD_DIR)/$(UNLOCALIZED_RESOURCES_FOLDER_PATH)/GoogleService-Info.plist",
			);
			outputFileListPaths = (
			);
			outputPaths = (
			);
			runOnlyForDeploymentPostprocessing = 0;
			shellPath = /bin/sh;
			shellScript = "# Type a script or drag a script file from your workspace to insert its path.\n\"${PODS_ROOT}/FirebaseCrashlytics/run\"\n";
		};
		736C3896BF68367391F0CDBB /* [CP] Embed Pods Frameworks */ = {
			isa = PBXShellScriptBuildPhase;
			buildActionMask = 2147483647;
			files = (
			);
			inputFileListPaths = (
				"${PODS_ROOT}/Target Support Files/Pods-Mapmo/Pods-Mapmo-frameworks-${CONFIGURATION}-input-files.xcfilelist",
			);
			name = "[CP] Embed Pods Frameworks";
			outputFileListPaths = (
				"${PODS_ROOT}/Target Support Files/Pods-Mapmo/Pods-Mapmo-frameworks-${CONFIGURATION}-output-files.xcfilelist",
			);
			runOnlyForDeploymentPostprocessing = 0;
			shellPath = /bin/sh;
			shellScript = "\"${PODS_ROOT}/Target Support Files/Pods-Mapmo/Pods-Mapmo-frameworks.sh\"\n";
			showEnvVarsInLog = 0;
		};
		85158EBE66D9C053256DE78B /* [CP] Check Pods Manifest.lock */ = {
			isa = PBXShellScriptBuildPhase;
			buildActionMask = 2147483647;
			files = (
			);
			inputFileListPaths = (
			);
			inputPaths = (
				"${PODS_PODFILE_DIR_PATH}/Podfile.lock",
				"${PODS_ROOT}/Manifest.lock",
			);
			name = "[CP] Check Pods Manifest.lock";
			outputFileListPaths = (
			);
			outputPaths = (
				"$(DERIVED_FILE_DIR)/Pods-Mapmo-checkManifestLockResult.txt",
			);
			runOnlyForDeploymentPostprocessing = 0;
			shellPath = /bin/sh;
			shellScript = "diff \"${PODS_PODFILE_DIR_PATH}/Podfile.lock\" \"${PODS_ROOT}/Manifest.lock\" > /dev/null\nif [ $? != 0 ] ; then\n    # print error to STDERR\n    echo \"error: The sandbox is not in sync with the Podfile.lock. Run 'pod install' or update your CocoaPods installation.\" >&2\n    exit 1\nfi\n# This output is used by Xcode 'outputs' to avoid re-running this script phase.\necho \"SUCCESS\" > \"${SCRIPT_OUTPUT_FILE_0}\"\n";
			showEnvVarsInLog = 0;
		};
/* End PBXShellScriptBuildPhase section */

/* Begin PBXSourcesBuildPhase section */
		618CB0272B99D073005BC379 /* Sources */ = {
			isa = PBXSourcesBuildPhase;
			buildActionMask = 2147483647;
			files = (
				61D8E58B2BA04B8E0080D167 /* InputPlaceCollectionViewCell.swift in Sources */,
				614258682B9E943500F35521 /* AddCategoryView.swift in Sources */,
				61D8E5A42BA213210080D167 /* SearchPlaceViewModel.swift in Sources */,
				61B312CA2BA770CC000304CE /* ChartViewModel.swift in Sources */,
				6136F6E12BA71933004AD8D1 /* HistorySegmentedViewController.swift in Sources */,
				611728EC2BA89826005EBD79 /* CategoryLikeCountCollectionViewCell.swift in Sources */,
				618CB0742B99D5B2005BC379 /* ColorStyle.swift in Sources */,
				611729012BA96158005EBD79 /* InfoView.swift in Sources */,
				61D8E5B02BA450280080D167 /* Record.swift in Sources */,
				61D8E5892BA033B30080D167 /* AddPhotoCollectionViewCell.swift in Sources */,
				61B312C32BA748C5000304CE /* MyRecordView.swift in Sources */,
				6117291C2BADFA97005EBD79 /* RecordListCollectionViewCell.swift in Sources */,
				618CB0762B99D5B8005BC379 /* ImageStyle.swift in Sources */,
				61D8E5932BA076550080D167 /* PhotoCollectionViewCell.swift in Sources */,
				61D8E59E2BA211AB0080D167 /* PlaceCollectionViewCell.swift in Sources */,
				61D8E5AC2BA2D89D0080D167 /* String+Extension.swift in Sources */,
				61D8E56F2B9F80400080D167 /* CreateRecordView.swift in Sources */,
				61D8E5A82BA2155A0080D167 /* NetworkError.swift in Sources */,
				618CB0622B99D337005BC379 /* UIFont+Pretendard.swift in Sources */,
				611729122BACAB2D005EBD79 /* UserDefaultManager.swift in Sources */,
				61D8E5AE2BA2DB5F0080D167 /* UIView+Extension.swift in Sources */,
				61214F5C2B9F514F00C7D0B6 /* ViewProtocol.swift in Sources */,
				619773352BA872F700A1F7B9 /* FormatterManager.swift in Sources */,
				611729072BA9E7B7005EBD79 /* PreviousVC.swift in Sources */,
				61D8E5732B9FDB110080D167 /* ValidationCategoryNameError.swift in Sources */,
				618CB06D2B99D551005BC379 /* RecordListViewController.swift in Sources */,
				611729172BADFA37005EBD79 /* RecordListViewModel.swift in Sources */,
				61D8E5682B9F79D50080D167 /* CategoryColor.swift in Sources */,
				6141534A2BA48D8F0035D5C8 /* FileManager+Extension.swift in Sources */,
				6142585E2B9E916D00F35521 /* Observable.swift in Sources */,
				618CB07C2B99D64A005BC379 /* MapView.swift in Sources */,
				61D8E58F2BA051260080D167 /* InputMemoCollectionViewCell.swift in Sources */,
				61D8E5622B9F73150080D167 /* MapmoButton.swift in Sources */,
				6117291E2BADFAD9005EBD79 /* RecordCardView.swift in Sources */,
				618CB06B2B99D548005BC379 /* MapViewController.swift in Sources */,
				61D8E5652B9F75820080D167 /* SelectCategoryColorCollectionViewCell.swift in Sources */,
				61B169D32BA5781100D6D63F /* MapRecordListView.swift in Sources */,
				618CB07A2B99D632005BC379 /* BaseViewController.swift in Sources */,
				61214F602B9F597D00C7D0B6 /* SelectCategoryCollectionViewCell.swift in Sources */,
				61B312C12BA748B3000304CE /* ChartView.swift in Sources */,
				61D8E5982BA1F37D0080D167 /* SearchPlaceViewController.swift in Sources */,
				61D8E5A22BA213120080D167 /* NaverMapAPIManager.swift in Sources */,
				611728EF2BA9120C005EBD79 /* DetailRecordViewController.swift in Sources */,
				61D8E55D2B9F723E0080D167 /* UITextField+Extension.swift in Sources */,
				61214F572B9F50D000C7D0B6 /* SelectCategoryCollectionHeaderView.swift in Sources */,
				61B312C82BA76D44000304CE /* MyRecordViewModel.swift in Sources */,
				61D8E5912BA066560080D167 /* UIStackView+Extension.swift in Sources */,
				611728E82BA897FD005EBD79 /* CategoryRecordCountCollectionViewCell.swift in Sources */,
				6117290E2BAC2985005EBD79 /* MapRecordListViewModel.swift in Sources */,
				611728EA2BA89819005EBD79 /* DateRecordCountCollectionViewCell.swift in Sources */,
				61D8E5822BA01CFA0080D167 /* CategoryRepository.swift in Sources */,
				614258642B9E93FF00F35521 /* SelectCategoryViewController.swift in Sources */,
				61D8E5602B9F72970080D167 /* CustomTextField.swift in Sources */,
				61D8E5842BA02B660080D167 /* CreateRecordViewModel.swift in Sources */,
				61D8E58D2BA050A60080D167 /* InputVisitedDateCollectionViewCell.swift in Sources */,
				61D8E59A2BA1F3A10080D167 /* SearchPlaceView.swift in Sources */,
				6117290A2BAB2229005EBD79 /* PassDataDelegate.swift in Sources */,
				6142586A2B9E96AB00F35521 /* SelectCategoryView.swift in Sources */,
				618CB0802B99D688005BC379 /* HistoryView.swift in Sources */,
				61214F5A2B9F50F800C7D0B6 /* ReuseProtocol.swift in Sources */,
				6126D2F32B9F15CB001F2303 /* SelectCategoryViewModel.swift in Sources */,
				618CB0642B99D397005BC379 /* TabBarController.swift in Sources */,
				61B312CC2BA85BF2000304CE /* Double+Extension.swift in Sources */,
				611729102BACA167005EBD79 /* RecordCollectionReusableView.swift in Sources */,
				61214F5E2B9F52EF00C7D0B6 /* UILabel+Extension.swift in Sources */,
				61B312BF2BA7233C000304CE /* ChartViewController.swift in Sources */,
				611729032BA9734A005EBD79 /* MemoInfoView.swift in Sources */,
				61D8E56A2B9F7AAC0080D167 /* AddCategoryViewModel.swift in Sources */,
				61D8E5B42BA484B80080D167 /* RecordRepository.swift in Sources */,
				618CB02F2B99D073005BC379 /* AppDelegate.swift in Sources */,
				618CB0822B99D6FE005BC379 /* APIKey.swift in Sources */,
				61D8E5A02BA213080080D167 /* NaverMapAPI.swift in Sources */,
				611728F12BA91241005EBD79 /* DetailRecordView.swift in Sources */,
				61B169D52BA579D200D6D63F /* FloatingPanelController+Extension.swift in Sources */,
				6117291A2BADFA8D005EBD79 /* RecordListCollectionReusableView.swift in Sources */,
				618CB07E2B99D675005BC379 /* RecordListView.swift in Sources */,
				61B312B62BA71EFD000304CE /* CALayer+Extension.swift in Sources */,
				61D8E5712B9FD7840080D167 /* Category.swift in Sources */,
				611729052BA976F2005EBD79 /* DetailRecordViewModel.swift in Sources */,
				618CB0662B99D3B3005BC379 /* TabItem.swift in Sources */,
				6142585C2B9E903800F35521 /* MapViewModel.swift in Sources */,
				614258662B9E940D00F35521 /* AddCategoryViewController.swift in Sources */,
				61D8E56D2B9F7FFA0080D167 /* CreateRecordViewController.swift in Sources */,
				61B312C62BA7615A000304CE /* RecordCollectionViewCell.swift in Sources */,
				61D8E5B22BA480360080D167 /* PlaceRepository.swift in Sources */,
				61B169D02BA4A50D00D6D63F /* MapRecordListViewController.swift in Sources */,
				618CB0312B99D073005BC379 /* SceneDelegate.swift in Sources */,
				61B312BD2BA72332000304CE /* MyRecordViewController.swift in Sources */,
				61D8E5862BA032FD0080D167 /* InputRecordSection.swift in Sources */,
				61D8E5A62BA2145E0080D167 /* Place.swift in Sources */,
				618CB0782B99D62C005BC379 /* BaseView.swift in Sources */,
				611729142BACABA7005EBD79 /* DefaultCategory.swift in Sources */,
				618CB06F2B99D55D005BC379 /* HistoryViewController.swift in Sources */,
			);
			runOnlyForDeploymentPostprocessing = 0;
		};
/* End PBXSourcesBuildPhase section */

/* Begin PBXVariantGroup section */
		618CB0392B99D075005BC379 /* LaunchScreen.storyboard */ = {
			isa = PBXVariantGroup;
			children = (
				618CB03A2B99D075005BC379 /* Base */,
			);
			name = LaunchScreen.storyboard;
			sourceTree = "<group>";
		};
/* End PBXVariantGroup section */

/* Begin XCBuildConfiguration section */
		618CB03D2B99D075005BC379 /* Debug */ = {
			isa = XCBuildConfiguration;
			buildSettings = {
				ALWAYS_SEARCH_USER_PATHS = NO;
				ASSETCATALOG_COMPILER_GENERATE_SWIFT_ASSET_SYMBOL_EXTENSIONS = YES;
				CLANG_ANALYZER_NONNULL = YES;
				CLANG_ANALYZER_NUMBER_OBJECT_CONVERSION = YES_AGGRESSIVE;
				CLANG_CXX_LANGUAGE_STANDARD = "gnu++20";
				CLANG_ENABLE_MODULES = YES;
				CLANG_ENABLE_OBJC_ARC = YES;
				CLANG_ENABLE_OBJC_WEAK = YES;
				CLANG_WARN_BLOCK_CAPTURE_AUTORELEASING = YES;
				CLANG_WARN_BOOL_CONVERSION = YES;
				CLANG_WARN_COMMA = YES;
				CLANG_WARN_CONSTANT_CONVERSION = YES;
				CLANG_WARN_DEPRECATED_OBJC_IMPLEMENTATIONS = YES;
				CLANG_WARN_DIRECT_OBJC_ISA_USAGE = YES_ERROR;
				CLANG_WARN_DOCUMENTATION_COMMENTS = YES;
				CLANG_WARN_EMPTY_BODY = YES;
				CLANG_WARN_ENUM_CONVERSION = YES;
				CLANG_WARN_INFINITE_RECURSION = YES;
				CLANG_WARN_INT_CONVERSION = YES;
				CLANG_WARN_NON_LITERAL_NULL_CONVERSION = YES;
				CLANG_WARN_OBJC_IMPLICIT_RETAIN_SELF = YES;
				CLANG_WARN_OBJC_LITERAL_CONVERSION = YES;
				CLANG_WARN_OBJC_ROOT_CLASS = YES_ERROR;
				CLANG_WARN_QUOTED_INCLUDE_IN_FRAMEWORK_HEADER = YES;
				CLANG_WARN_RANGE_LOOP_ANALYSIS = YES;
				CLANG_WARN_STRICT_PROTOTYPES = YES;
				CLANG_WARN_SUSPICIOUS_MOVE = YES;
				CLANG_WARN_UNGUARDED_AVAILABILITY = YES_AGGRESSIVE;
				CLANG_WARN_UNREACHABLE_CODE = YES;
				CLANG_WARN__DUPLICATE_METHOD_MATCH = YES;
				COPY_PHASE_STRIP = NO;
				DEBUG_INFORMATION_FORMAT = dwarf;
				ENABLE_STRICT_OBJC_MSGSEND = YES;
				ENABLE_TESTABILITY = YES;
				ENABLE_USER_SCRIPT_SANDBOXING = YES;
				GCC_C_LANGUAGE_STANDARD = gnu17;
				GCC_DYNAMIC_NO_PIC = NO;
				GCC_NO_COMMON_BLOCKS = YES;
				GCC_OPTIMIZATION_LEVEL = 0;
				GCC_PREPROCESSOR_DEFINITIONS = (
					"DEBUG=1",
					"$(inherited)",
				);
				GCC_WARN_64_TO_32_BIT_CONVERSION = YES;
				GCC_WARN_ABOUT_RETURN_TYPE = YES_ERROR;
				GCC_WARN_UNDECLARED_SELECTOR = YES;
				GCC_WARN_UNINITIALIZED_AUTOS = YES_AGGRESSIVE;
				GCC_WARN_UNUSED_FUNCTION = YES;
				GCC_WARN_UNUSED_VARIABLE = YES;
				IPHONEOS_DEPLOYMENT_TARGET = 17.2;
				LOCALIZATION_PREFERS_STRING_CATALOGS = YES;
				MTL_ENABLE_DEBUG_INFO = INCLUDE_SOURCE;
				MTL_FAST_MATH = YES;
				ONLY_ACTIVE_ARCH = YES;
				SDKROOT = iphoneos;
				SWIFT_ACTIVE_COMPILATION_CONDITIONS = "DEBUG $(inherited)";
				SWIFT_OPTIMIZATION_LEVEL = "-Onone";
			};
			name = Debug;
		};
		618CB03E2B99D075005BC379 /* Release */ = {
			isa = XCBuildConfiguration;
			buildSettings = {
				ALWAYS_SEARCH_USER_PATHS = NO;
				ASSETCATALOG_COMPILER_GENERATE_SWIFT_ASSET_SYMBOL_EXTENSIONS = YES;
				CLANG_ANALYZER_NONNULL = YES;
				CLANG_ANALYZER_NUMBER_OBJECT_CONVERSION = YES_AGGRESSIVE;
				CLANG_CXX_LANGUAGE_STANDARD = "gnu++20";
				CLANG_ENABLE_MODULES = YES;
				CLANG_ENABLE_OBJC_ARC = YES;
				CLANG_ENABLE_OBJC_WEAK = YES;
				CLANG_WARN_BLOCK_CAPTURE_AUTORELEASING = YES;
				CLANG_WARN_BOOL_CONVERSION = YES;
				CLANG_WARN_COMMA = YES;
				CLANG_WARN_CONSTANT_CONVERSION = YES;
				CLANG_WARN_DEPRECATED_OBJC_IMPLEMENTATIONS = YES;
				CLANG_WARN_DIRECT_OBJC_ISA_USAGE = YES_ERROR;
				CLANG_WARN_DOCUMENTATION_COMMENTS = YES;
				CLANG_WARN_EMPTY_BODY = YES;
				CLANG_WARN_ENUM_CONVERSION = YES;
				CLANG_WARN_INFINITE_RECURSION = YES;
				CLANG_WARN_INT_CONVERSION = YES;
				CLANG_WARN_NON_LITERAL_NULL_CONVERSION = YES;
				CLANG_WARN_OBJC_IMPLICIT_RETAIN_SELF = YES;
				CLANG_WARN_OBJC_LITERAL_CONVERSION = YES;
				CLANG_WARN_OBJC_ROOT_CLASS = YES_ERROR;
				CLANG_WARN_QUOTED_INCLUDE_IN_FRAMEWORK_HEADER = YES;
				CLANG_WARN_RANGE_LOOP_ANALYSIS = YES;
				CLANG_WARN_STRICT_PROTOTYPES = YES;
				CLANG_WARN_SUSPICIOUS_MOVE = YES;
				CLANG_WARN_UNGUARDED_AVAILABILITY = YES_AGGRESSIVE;
				CLANG_WARN_UNREACHABLE_CODE = YES;
				CLANG_WARN__DUPLICATE_METHOD_MATCH = YES;
				COPY_PHASE_STRIP = NO;
				DEBUG_INFORMATION_FORMAT = "dwarf-with-dsym";
				ENABLE_NS_ASSERTIONS = NO;
				ENABLE_STRICT_OBJC_MSGSEND = YES;
				ENABLE_USER_SCRIPT_SANDBOXING = YES;
				GCC_C_LANGUAGE_STANDARD = gnu17;
				GCC_NO_COMMON_BLOCKS = YES;
				GCC_WARN_64_TO_32_BIT_CONVERSION = YES;
				GCC_WARN_ABOUT_RETURN_TYPE = YES_ERROR;
				GCC_WARN_UNDECLARED_SELECTOR = YES;
				GCC_WARN_UNINITIALIZED_AUTOS = YES_AGGRESSIVE;
				GCC_WARN_UNUSED_FUNCTION = YES;
				GCC_WARN_UNUSED_VARIABLE = YES;
				IPHONEOS_DEPLOYMENT_TARGET = 17.2;
				LOCALIZATION_PREFERS_STRING_CATALOGS = YES;
				MTL_ENABLE_DEBUG_INFO = NO;
				MTL_FAST_MATH = YES;
				SDKROOT = iphoneos;
				SWIFT_COMPILATION_MODE = wholemodule;
				VALIDATE_PRODUCT = YES;
			};
			name = Release;
		};
		618CB0402B99D075005BC379 /* Debug */ = {
			isa = XCBuildConfiguration;
			baseConfigurationReference = 89A1130BA0DEA3EB97F2373A /* Pods-Mapmo.debug.xcconfig */;
			buildSettings = {
				ASSETCATALOG_COMPILER_APPICON_NAME = AppIcon;
				ASSETCATALOG_COMPILER_GLOBAL_ACCENT_COLOR_NAME = AccentColor;
				CODE_SIGN_STYLE = Automatic;
				CURRENT_PROJECT_VERSION = 2;
				DEBUG_INFORMATION_FORMAT = "dwarf-with-dsym";
				DEVELOPMENT_TEAM = T2Q8P9627P;
				ENABLE_USER_SCRIPT_SANDBOXING = NO;
				GENERATE_INFOPLIST_FILE = YES;
				INFOPLIST_FILE = Mapmo/Info.plist;
				INFOPLIST_KEY_CFBundleDisplayName = "맵모";
				INFOPLIST_KEY_UIApplicationSupportsIndirectInputEvents = YES;
				INFOPLIST_KEY_UILaunchStoryboardName = LaunchScreen;
				INFOPLIST_KEY_UISupportedInterfaceOrientations = UIInterfaceOrientationPortrait;
				INFOPLIST_KEY_UISupportedInterfaceOrientations_iPad = "UIInterfaceOrientationLandscapeLeft UIInterfaceOrientationLandscapeRight UIInterfaceOrientationPortrait UIInterfaceOrientationPortraitUpsideDown";
				IPHONEOS_DEPLOYMENT_TARGET = 16.0;
				LD_RUNPATH_SEARCH_PATHS = (
					"$(inherited)",
					"@executable_path/Frameworks",
				);
				MARKETING_VERSION = 1.0;
				PRODUCT_BUNDLE_IDENTIFIER = com.yuz.Mapmo;
				PRODUCT_NAME = "$(TARGET_NAME)";
				SUPPORTED_PLATFORMS = "iphoneos iphonesimulator";
				SUPPORTS_MACCATALYST = NO;
				SUPPORTS_MAC_DESIGNED_FOR_IPHONE_IPAD = NO;
				SUPPORTS_XR_DESIGNED_FOR_IPHONE_IPAD = NO;
				SWIFT_EMIT_LOC_STRINGS = YES;
				SWIFT_VERSION = 5.0;
				TARGETED_DEVICE_FAMILY = 1;
			};
			name = Debug;
		};
		618CB0412B99D075005BC379 /* Release */ = {
			isa = XCBuildConfiguration;
			baseConfigurationReference = 266404A7697C85E9C64645C6 /* Pods-Mapmo.release.xcconfig */;
			buildSettings = {
				ASSETCATALOG_COMPILER_APPICON_NAME = AppIcon;
				ASSETCATALOG_COMPILER_GLOBAL_ACCENT_COLOR_NAME = AccentColor;
				CODE_SIGN_STYLE = Automatic;
				CURRENT_PROJECT_VERSION = 2;
				DEVELOPMENT_TEAM = T2Q8P9627P;
				ENABLE_USER_SCRIPT_SANDBOXING = NO;
				GENERATE_INFOPLIST_FILE = YES;
				INFOPLIST_FILE = Mapmo/Info.plist;
				INFOPLIST_KEY_CFBundleDisplayName = "맵모";
				INFOPLIST_KEY_UIApplicationSupportsIndirectInputEvents = YES;
				INFOPLIST_KEY_UILaunchStoryboardName = LaunchScreen;
				INFOPLIST_KEY_UISupportedInterfaceOrientations = UIInterfaceOrientationPortrait;
				INFOPLIST_KEY_UISupportedInterfaceOrientations_iPad = "UIInterfaceOrientationLandscapeLeft UIInterfaceOrientationLandscapeRight UIInterfaceOrientationPortrait UIInterfaceOrientationPortraitUpsideDown";
				IPHONEOS_DEPLOYMENT_TARGET = 16.0;
				LD_RUNPATH_SEARCH_PATHS = (
					"$(inherited)",
					"@executable_path/Frameworks",
				);
				MARKETING_VERSION = 1.0;
				PRODUCT_BUNDLE_IDENTIFIER = com.yuz.Mapmo;
				PRODUCT_NAME = "$(TARGET_NAME)";
				SUPPORTED_PLATFORMS = "iphoneos iphonesimulator";
				SUPPORTS_MACCATALYST = NO;
				SUPPORTS_MAC_DESIGNED_FOR_IPHONE_IPAD = NO;
				SUPPORTS_XR_DESIGNED_FOR_IPHONE_IPAD = NO;
				SWIFT_EMIT_LOC_STRINGS = YES;
				SWIFT_VERSION = 5.0;
				TARGETED_DEVICE_FAMILY = 1;
			};
			name = Release;
		};
/* End XCBuildConfiguration section */

/* Begin XCConfigurationList section */
		618CB0262B99D073005BC379 /* Build configuration list for PBXProject "Mapmo" */ = {
			isa = XCConfigurationList;
			buildConfigurations = (
				618CB03D2B99D075005BC379 /* Debug */,
				618CB03E2B99D075005BC379 /* Release */,
			);
			defaultConfigurationIsVisible = 0;
			defaultConfigurationName = Release;
		};
		618CB03F2B99D075005BC379 /* Build configuration list for PBXNativeTarget "Mapmo" */ = {
			isa = XCConfigurationList;
			buildConfigurations = (
				618CB0402B99D075005BC379 /* Debug */,
				618CB0412B99D075005BC379 /* Release */,
			);
			defaultConfigurationIsVisible = 0;
			defaultConfigurationName = Release;
		};
/* End XCConfigurationList section */
	};
	rootObject = 618CB0232B99D073005BC379 /* Project object */;
}
